{
  "version": 4,
  "terraform_version": "1.2.2",
  "serial": 26,
  "lineage": "46d59493-3a15-34b9-94e9-3d74fba229db",
  "outputs": {
    "rancher_node_ip": {
      "value": "34.150.254.64",
      "type": "string"
    },
    "rancher_server_url": {
      "value": "https://rancher.34.150.254.64.sslip.io",
      "type": "string"
    },
    "workload_node_ip": {
      "value": "34.85.144.225",
      "type": "string"
    }
  },
  "resources": [
    {
      "mode": "data",
      "type": "google_compute_image",
      "name": "sles",
      "provider": "provider[\"registry.terraform.io/hashicorp/google\"]",
      "instances": [
        {
          "schema_version": 0,
          "attributes": {
            "archive_size_bytes": 1558792128,
            "creation_timestamp": "2022-05-24T01:01:11.696-07:00",
            "description": "SUSE, SUSE Linux Enterprise Server 15 SP3, x86_64, built on 20220524, supports Shielded VM features",
            "disk_size_gb": 10,
            "family": "sles-15",
            "filter": null,
            "id": "projects/suse-cloud/global/images/sles-15-sp3-v20220524-x86-64",
            "image_encryption_key_sha256": "",
            "image_id": "7753831344548949544",
            "label_fingerprint": "42WmSpB8rSM=",
            "labels": {},
            "licenses": [
              "https://www.googleapis.com/compute/v1/projects/suse-cloud/global/licenses/sles-15"
            ],
            "name": "sles-15-sp3-v20220524-x86-64",
            "project": "suse-cloud",
            "self_link": "https://www.googleapis.com/compute/v1/projects/suse-cloud/global/images/sles-15-sp3-v20220524-x86-64",
            "source_disk": "",
            "source_disk_encryption_key_sha256": "",
            "source_disk_id": "",
            "source_image_id": "",
            "status": "READY"
          },
          "sensitive_attributes": []
        }
      ]
    },
    {
      "mode": "managed",
      "type": "google_compute_address",
      "name": "quickstart_node_address",
      "provider": "provider[\"registry.terraform.io/hashicorp/google\"]",
      "instances": [
        {
          "schema_version": 0,
          "attributes": {
            "address": "34.85.144.225",
            "address_type": "EXTERNAL",
            "creation_timestamp": "2022-06-14T07:40:23.968-07:00",
            "description": "",
            "id": "projects/concise-kayak-352018/regions/us-east4/addresses/quickstart-node-ipv4-address",
            "name": "quickstart-node-ipv4-address",
            "network": "",
            "network_tier": "PREMIUM",
            "prefix_length": 0,
            "project": "concise-kayak-352018",
            "purpose": "",
            "region": "us-east4",
            "self_link": "https://www.googleapis.com/compute/v1/projects/concise-kayak-352018/regions/us-east4/addresses/quickstart-node-ipv4-address",
            "subnetwork": "",
            "timeouts": null,
            "users": []
          },
          "sensitive_attributes": [],
          "private": "eyJlMmJmYjczMC1lY2FhLTExZTYtOGY4OC0zNDM2M2JjN2M0YzAiOnsiY3JlYXRlIjoxMjAwMDAwMDAwMDAwLCJkZWxldGUiOjEyMDAwMDAwMDAwMDB9fQ=="
        }
      ]
    },
    {
      "mode": "managed",
      "type": "google_compute_address",
      "name": "rancher_server_address",
      "provider": "provider[\"registry.terraform.io/hashicorp/google\"]",
      "instances": [
        {
          "schema_version": 0,
          "attributes": {
            "address": "34.150.254.64",
            "address_type": "EXTERNAL",
            "creation_timestamp": "2022-06-14T07:40:24.616-07:00",
            "description": "",
            "id": "projects/concise-kayak-352018/regions/us-east4/addresses/rancher-server-ipv4-address",
            "name": "rancher-server-ipv4-address",
            "network": "",
            "network_tier": "PREMIUM",
            "prefix_length": 0,
            "project": "concise-kayak-352018",
            "purpose": "",
            "region": "us-east4",
            "self_link": "https://www.googleapis.com/compute/v1/projects/concise-kayak-352018/regions/us-east4/addresses/rancher-server-ipv4-address",
            "subnetwork": "",
            "timeouts": null,
            "users": []
          },
          "sensitive_attributes": [],
          "private": "eyJlMmJmYjczMC1lY2FhLTExZTYtOGY4OC0zNDM2M2JjN2M0YzAiOnsiY3JlYXRlIjoxMjAwMDAwMDAwMDAwLCJkZWxldGUiOjEyMDAwMDAwMDAwMDB9fQ=="
        }
      ]
    },
    {
      "mode": "managed",
      "type": "google_compute_firewall",
      "name": "rancher_fw_allowall",
      "provider": "provider[\"registry.terraform.io/hashicorp/google\"]",
      "instances": [
        {
          "schema_version": 1,
          "attributes": {
            "allow": [
              {
                "ports": [],
                "protocol": "all"
              }
            ],
            "creation_timestamp": "2022-06-14T07:40:22.526-07:00",
            "deny": [],
            "description": "",
            "destination_ranges": [],
            "direction": "INGRESS",
            "disabled": false,
            "enable_logging": null,
            "id": "projects/concise-kayak-352018/global/firewalls/quickstart-rancher-allowall",
            "log_config": [],
            "name": "quickstart-rancher-allowall",
            "network": "https://www.googleapis.com/compute/v1/projects/concise-kayak-352018/global/networks/default",
            "priority": 1000,
            "project": "concise-kayak-352018",
            "self_link": "https://www.googleapis.com/compute/v1/projects/concise-kayak-352018/global/firewalls/quickstart-rancher-allowall",
            "source_ranges": [
              "0.0.0.0/0"
            ],
            "source_service_accounts": [],
            "source_tags": [],
            "target_service_accounts": [],
            "target_tags": [],
            "timeouts": null
          },
          "sensitive_attributes": [],
          "private": "eyJlMmJmYjczMC1lY2FhLTExZTYtOGY4OC0zNDM2M2JjN2M0YzAiOnsiY3JlYXRlIjoxMjAwMDAwMDAwMDAwLCJkZWxldGUiOjEyMDAwMDAwMDAwMDAsInVwZGF0ZSI6MTIwMDAwMDAwMDAwMH0sInNjaGVtYV92ZXJzaW9uIjoiMSJ9"
        }
      ]
    },
    {
      "mode": "managed",
      "type": "google_compute_instance",
      "name": "quickstart_node",
      "provider": "provider[\"registry.terraform.io/hashicorp/google\"]",
      "instances": []
    },
    {
      "mode": "managed",
      "type": "local_file",
      "name": "ssh_public_key_openssh",
      "provider": "provider[\"registry.terraform.io/hashicorp/local\"]",
      "instances": [
        {
          "schema_version": 0,
          "attributes": {
            "content": "ssh-rsa AAAAB3NzaC1yc2EAAAADAQABAAABAQDAZ+BfOiw8uPBCN7hrQMDP/dYdVxsgnRZZlBvrHjZkQX9YJZgHiuuIE3a8UY0xrF9OXLw0KyT6bcMH/fPrEixlf2hpQ+G7c1UEDzahMiLsIiy98CL+t0Mot8Qh4P6IUwgp03BYClE++lYf1BiQG19fDCThBJrf7IsYv4vSnVSvKZxMM1/1OmxIziaswY7Ci/o4GQfcA3jlGOtgNiNQyuKUOc3hlzxd5xxzxI9Cqvf1LpAKB2k2dhUCn1maY/PAc/z1EeoKh01hsSGWF2ALT3mCZVtuPuI99bwrc8iNmsLO4Z1hjoqqSN1vNHO5xY5ZmD86RywTlCWyl0dIudUBKPHH\n",
            "content_base64": null,
            "directory_permission": "0777",
            "file_permission": "0777",
            "filename": "./id_rsa.pub",
            "id": "d2c88da4124d7fbf094a1ff6960650085df52529",
            "sensitive_content": null,
            "source": null
          },
          "sensitive_attributes": [],
          "private": "bnVsbA==",
          "dependencies": [
            "tls_private_key.global_key"
          ]
        }
      ]
    },
    {
      "mode": "managed",
      "type": "local_sensitive_file",
      "name": "ssh_private_key_pem",
      "provider": "provider[\"registry.terraform.io/hashicorp/local\"]",
      "instances": [
        {
          "schema_version": 0,
          "attributes": {
            "content": "-----BEGIN RSA PRIVATE KEY-----\nMIIEowIBAAKCAQEAwGfgXzosPLjwQje4a0DAz/3WHVcbIJ0WWZQb6x42ZEF/WCWY\nB4rriBN2vFGNMaxfTly8NCsk+m3DB/3z6xIsZX9oaUPhu3NVBA82oTIi7CIsvfAi\n/rdDKLfEIeD+iFMIKdNwWApRPvpWH9QYkBtfXwwk4QSa3+yLGL+L0p1UrymcTDNf\n9TpsSM4mrMGOwov6OBkH3AN45RjrYDYjUMrilDnN4Zc8Xeccc8SPQqr39S6QCgdp\nNnYVAp9ZmmPzwHP89RHqCodNYbEhlhdgC095gmVbbj7iPfW8K3PIjZrCzuGdYY6K\nqkjdbzRzucWOWZg/OkcsE5QlspdHSLnVASjxxwIDAQABAoIBAEtUoEFIamd/1Plo\nDXlYieUlMf6cyw8y0bxSw7eDRbJs/mnJlkNlvZ+yVyuWFlzbaxkoL7uRJNIzxUdM\nw4JGxEEc6AlGvYuBtUh4mF/2XDvtiWz4JwtpPw8jG9RT3fQL5kdR9EtUBslMhAnE\nJbXOMcHp5EqBXg3L9A3FeP4GAVDuoMrv9YiPNlROCBjXm7ipUMokzLFRGae0R/8k\n8uvapw51MkqkecZUP5GuamAkUCS50o6Wn239i8tOcncODc0ai/aGftTR2sUZwgcN\n3+Tg13ZDr3tMbp9LLNMkbyOGmF5mVu4qY4Kyh0wIAQ9oE6H/qzvonljOYNa4WJUp\n4jx7lckCgYEA5rsCJQVrDpK7pat72rc00qGkrjdh6uDJLhb8lNOVCqNzqmb4n5uI\nNGbOMqWV5KHmsOgSjbCBjNl+44dtvr3vB+EJ1aUvHGIIhrYsS6X2A7uSksgzflgC\n+hvVaubM/g9iZH8t6vfMAz2fZw0g0FcX4pXWalEfXTtxpsLLwFjsK4MCgYEA1Xpb\nf4N2V6PZxUnynoBSCrrI7UgbPA7EnO+zonR+ovtB3a5z06eaKTDzFrgX2zG9B12l\nqOx6qjaxcHtgO/E5yjdgIhdWYTKyGhA85tA8Wo7uQ1N3NmfkDP7BQKs0z+cCQcTN\napQqzS2Woot9EsDzELENiHKLCQusPmd5vB4Y+W0CgYA+oNJDNEZL7V5L6NE0m/gV\nmFS4CUZl1+Ajx4+F4iyZd6aEwXCI+lGtT552tuWJ6rxQlp26ogd4MO01W2RZmvqP\n2/CscirofF+uGTLK0eCGQNrXRspbaA5ez0FNxBoueASQHMlc9ygEVSy4byLSCmHs\nWhmaQCzQRLtjtYpSypBIewKBgQCLGxUeTTrDNwjDr0ECmZlcVoRxYgglJXZm0Sdb\n189hQpqT6oadR9yDtNriVgltksabUyGMprPz0HnlUu/Nf43pwBXLgSuPYKp/o08c\nFFsPo42Mn4nSEPagpSymiCl8xApLcwNrzKrrUiaTOpPAsaxxlv27iPAib9HIREMm\nGvKpLQKBgFVYGEOP/IkWUhutOnNtaVkjSFAyCk2rra34hVFOZ+jFqBVDBmi3touC\njSMkElR0qNsVSgAKoymRKUP/5D/I0lVjJ3JdWuzdyp0OuxVNhKOjnk6weOVcM7Ty\nqH7a+OHU0RaKUvioiGJhyNlb4w+P2WAOoAJ7FPxQVKMN5/gXBsy/\n-----END RSA PRIVATE KEY-----\n",
            "content_base64": null,
            "directory_permission": "0700",
            "file_permission": "0600",
            "filename": "./id_rsa",
            "id": "b111a815ca78a62da0eec14e22f7cae405e44061",
            "source": null
          },
          "sensitive_attributes": [
            [
              {
                "type": "get_attr",
                "value": "content"
              }
            ]
          ],
          "private": "bnVsbA==",
          "dependencies": [
            "tls_private_key.global_key"
          ]
        }
      ]
    },
    {
      "mode": "managed",
      "type": "tls_private_key",
      "name": "global_key",
      "provider": "provider[\"registry.terraform.io/hashicorp/tls\"]",
      "instances": [
        {
          "schema_version": 0,
          "attributes": {
            "algorithm": "RSA",
            "ecdsa_curve": "P224",
            "id": "02cc653b77d0fef35c2fc27edc4a4542940c3795",
            "private_key_pem": "-----BEGIN RSA PRIVATE KEY-----\nMIIEowIBAAKCAQEAwGfgXzosPLjwQje4a0DAz/3WHVcbIJ0WWZQb6x42ZEF/WCWY\nB4rriBN2vFGNMaxfTly8NCsk+m3DB/3z6xIsZX9oaUPhu3NVBA82oTIi7CIsvfAi\n/rdDKLfEIeD+iFMIKdNwWApRPvpWH9QYkBtfXwwk4QSa3+yLGL+L0p1UrymcTDNf\n9TpsSM4mrMGOwov6OBkH3AN45RjrYDYjUMrilDnN4Zc8Xeccc8SPQqr39S6QCgdp\nNnYVAp9ZmmPzwHP89RHqCodNYbEhlhdgC095gmVbbj7iPfW8K3PIjZrCzuGdYY6K\nqkjdbzRzucWOWZg/OkcsE5QlspdHSLnVASjxxwIDAQABAoIBAEtUoEFIamd/1Plo\nDXlYieUlMf6cyw8y0bxSw7eDRbJs/mnJlkNlvZ+yVyuWFlzbaxkoL7uRJNIzxUdM\nw4JGxEEc6AlGvYuBtUh4mF/2XDvtiWz4JwtpPw8jG9RT3fQL5kdR9EtUBslMhAnE\nJbXOMcHp5EqBXg3L9A3FeP4GAVDuoMrv9YiPNlROCBjXm7ipUMokzLFRGae0R/8k\n8uvapw51MkqkecZUP5GuamAkUCS50o6Wn239i8tOcncODc0ai/aGftTR2sUZwgcN\n3+Tg13ZDr3tMbp9LLNMkbyOGmF5mVu4qY4Kyh0wIAQ9oE6H/qzvonljOYNa4WJUp\n4jx7lckCgYEA5rsCJQVrDpK7pat72rc00qGkrjdh6uDJLhb8lNOVCqNzqmb4n5uI\nNGbOMqWV5KHmsOgSjbCBjNl+44dtvr3vB+EJ1aUvHGIIhrYsS6X2A7uSksgzflgC\n+hvVaubM/g9iZH8t6vfMAz2fZw0g0FcX4pXWalEfXTtxpsLLwFjsK4MCgYEA1Xpb\nf4N2V6PZxUnynoBSCrrI7UgbPA7EnO+zonR+ovtB3a5z06eaKTDzFrgX2zG9B12l\nqOx6qjaxcHtgO/E5yjdgIhdWYTKyGhA85tA8Wo7uQ1N3NmfkDP7BQKs0z+cCQcTN\napQqzS2Woot9EsDzELENiHKLCQusPmd5vB4Y+W0CgYA+oNJDNEZL7V5L6NE0m/gV\nmFS4CUZl1+Ajx4+F4iyZd6aEwXCI+lGtT552tuWJ6rxQlp26ogd4MO01W2RZmvqP\n2/CscirofF+uGTLK0eCGQNrXRspbaA5ez0FNxBoueASQHMlc9ygEVSy4byLSCmHs\nWhmaQCzQRLtjtYpSypBIewKBgQCLGxUeTTrDNwjDr0ECmZlcVoRxYgglJXZm0Sdb\n189hQpqT6oadR9yDtNriVgltksabUyGMprPz0HnlUu/Nf43pwBXLgSuPYKp/o08c\nFFsPo42Mn4nSEPagpSymiCl8xApLcwNrzKrrUiaTOpPAsaxxlv27iPAib9HIREMm\nGvKpLQKBgFVYGEOP/IkWUhutOnNtaVkjSFAyCk2rra34hVFOZ+jFqBVDBmi3touC\njSMkElR0qNsVSgAKoymRKUP/5D/I0lVjJ3JdWuzdyp0OuxVNhKOjnk6weOVcM7Ty\nqH7a+OHU0RaKUvioiGJhyNlb4w+P2WAOoAJ7FPxQVKMN5/gXBsy/\n-----END RSA PRIVATE KEY-----\n",
            "public_key_fingerprint_md5": "fc:fa:ec:bb:c5:cd:7d:6f:e1:e4:99:35:5d:8d:94:e2",
            "public_key_openssh": "ssh-rsa AAAAB3NzaC1yc2EAAAADAQABAAABAQDAZ+BfOiw8uPBCN7hrQMDP/dYdVxsgnRZZlBvrHjZkQX9YJZgHiuuIE3a8UY0xrF9OXLw0KyT6bcMH/fPrEixlf2hpQ+G7c1UEDzahMiLsIiy98CL+t0Mot8Qh4P6IUwgp03BYClE++lYf1BiQG19fDCThBJrf7IsYv4vSnVSvKZxMM1/1OmxIziaswY7Ci/o4GQfcA3jlGOtgNiNQyuKUOc3hlzxd5xxzxI9Cqvf1LpAKB2k2dhUCn1maY/PAc/z1EeoKh01hsSGWF2ALT3mCZVtuPuI99bwrc8iNmsLO4Z1hjoqqSN1vNHO5xY5ZmD86RywTlCWyl0dIudUBKPHH\n",
            "public_key_pem": "-----BEGIN PUBLIC KEY-----\nMIIBIjANBgkqhkiG9w0BAQEFAAOCAQ8AMIIBCgKCAQEAwGfgXzosPLjwQje4a0DA\nz/3WHVcbIJ0WWZQb6x42ZEF/WCWYB4rriBN2vFGNMaxfTly8NCsk+m3DB/3z6xIs\nZX9oaUPhu3NVBA82oTIi7CIsvfAi/rdDKLfEIeD+iFMIKdNwWApRPvpWH9QYkBtf\nXwwk4QSa3+yLGL+L0p1UrymcTDNf9TpsSM4mrMGOwov6OBkH3AN45RjrYDYjUMri\nlDnN4Zc8Xeccc8SPQqr39S6QCgdpNnYVAp9ZmmPzwHP89RHqCodNYbEhlhdgC095\ngmVbbj7iPfW8K3PIjZrCzuGdYY6KqkjdbzRzucWOWZg/OkcsE5QlspdHSLnVASjx\nxwIDAQAB\n-----END PUBLIC KEY-----\n",
            "rsa_bits": 2048
          },
          "sensitive_attributes": [],
          "private": "bnVsbA=="
        }
      ]
    },
    {
      "module": "module.rancher_common",
      "mode": "managed",
      "type": "local_file",
      "name": "kube_config_server_yaml",
      "provider": "provider[\"registry.terraform.io/hashicorp/local\"]",
      "instances": []
    },
    {
      "module": "module.rancher_common",
      "mode": "managed",
      "type": "local_file",
      "name": "kube_config_workload_yaml",
      "provider": "provider[\"registry.terraform.io/hashicorp/local\"]",
      "instances": []
    },
    {
      "module": "module.rancher_common",
      "mode": "managed",
      "type": "ssh_resource",
      "name": "install_k3s",
      "provider": "provider[\"registry.terraform.io/loafoe/ssh\"]",
      "instances": []
    },
    {
      "module": "module.rancher_common",
      "mode": "managed",
      "type": "ssh_resource",
      "name": "retrieve_config",
      "provider": "provider[\"registry.terraform.io/loafoe/ssh\"]",
      "instances": []
    }
  ]
}
