{
  "version": 4,
  "terraform_version": "1.2.2",
  "serial": 37,
  "lineage": "46d59493-3a15-34b9-94e9-3d74fba229db",
  "outputs": {
    "rancher_node_ip": {
      "value": "34.150.254.64",
      "type": "string"
    },
    "rancher_server_url": {
      "value": "https://rancher.34.150.254.64.sslip.io",
      "type": "string"
    },
    "workload_node_ip": {
      "value": "34.85.144.225",
      "type": "string"
    }
  },
  "resources": [
    {
      "mode": "data",
      "type": "google_compute_image",
      "name": "sles",
      "provider": "provider[\"registry.terraform.io/hashicorp/google\"]",
      "instances": [
        {
          "schema_version": 0,
          "attributes": {
            "archive_size_bytes": 1558792128,
            "creation_timestamp": "2022-05-24T01:01:11.696-07:00",
            "description": "SUSE, SUSE Linux Enterprise Server 15 SP3, x86_64, built on 20220524, supports Shielded VM features",
            "disk_size_gb": 10,
            "family": "sles-15",
            "filter": null,
            "id": "projects/suse-cloud/global/images/sles-15-sp3-v20220524-x86-64",
            "image_encryption_key_sha256": "",
            "image_id": "7753831344548949544",
            "label_fingerprint": "42WmSpB8rSM=",
            "labels": {},
            "licenses": [
              "https://www.googleapis.com/compute/v1/projects/suse-cloud/global/licenses/sles-15"
            ],
            "name": "sles-15-sp3-v20220524-x86-64",
            "project": "suse-cloud",
            "self_link": "https://www.googleapis.com/compute/v1/projects/suse-cloud/global/images/sles-15-sp3-v20220524-x86-64",
            "source_disk": "",
            "source_disk_encryption_key_sha256": "",
            "source_disk_id": "",
            "source_image_id": "",
            "status": "READY"
          },
          "sensitive_attributes": []
        }
      ]
    },
    {
      "mode": "managed",
      "type": "google_compute_address",
      "name": "quickstart_node_address",
      "provider": "provider[\"registry.terraform.io/hashicorp/google\"]",
      "instances": [
        {
          "schema_version": 0,
          "attributes": {
            "address": "34.85.144.225",
            "address_type": "EXTERNAL",
            "creation_timestamp": "2022-06-14T07:40:23.968-07:00",
            "description": "",
            "id": "projects/concise-kayak-352018/regions/us-east4/addresses/quickstart-node-ipv4-address",
            "name": "quickstart-node-ipv4-address",
            "network": "",
            "network_tier": "PREMIUM",
            "prefix_length": 0,
            "project": "concise-kayak-352018",
            "purpose": "",
            "region": "us-east4",
            "self_link": "https://www.googleapis.com/compute/v1/projects/concise-kayak-352018/regions/us-east4/addresses/quickstart-node-ipv4-address",
            "subnetwork": "",
            "timeouts": null,
            "users": []
          },
          "sensitive_attributes": [],
          "private": "eyJlMmJmYjczMC1lY2FhLTExZTYtOGY4OC0zNDM2M2JjN2M0YzAiOnsiY3JlYXRlIjoxMjAwMDAwMDAwMDAwLCJkZWxldGUiOjEyMDAwMDAwMDAwMDB9fQ=="
        }
      ]
    },
    {
      "mode": "managed",
      "type": "google_compute_address",
      "name": "rancher_server_address",
      "provider": "provider[\"registry.terraform.io/hashicorp/google\"]",
      "instances": [
        {
          "schema_version": 0,
          "attributes": {
            "address": "34.150.254.64",
            "address_type": "EXTERNAL",
            "creation_timestamp": "2022-06-14T07:40:24.616-07:00",
            "description": "",
            "id": "projects/concise-kayak-352018/regions/us-east4/addresses/rancher-server-ipv4-address",
            "name": "rancher-server-ipv4-address",
            "network": "",
            "network_tier": "PREMIUM",
            "prefix_length": 0,
            "project": "concise-kayak-352018",
            "purpose": "",
            "region": "us-east4",
            "self_link": "https://www.googleapis.com/compute/v1/projects/concise-kayak-352018/regions/us-east4/addresses/rancher-server-ipv4-address",
            "subnetwork": "",
            "timeouts": null,
            "users": []
          },
          "sensitive_attributes": [],
          "private": "eyJlMmJmYjczMC1lY2FhLTExZTYtOGY4OC0zNDM2M2JjN2M0YzAiOnsiY3JlYXRlIjoxMjAwMDAwMDAwMDAwLCJkZWxldGUiOjEyMDAwMDAwMDAwMDB9fQ=="
        }
      ]
    },
    {
      "mode": "managed",
      "type": "google_compute_firewall",
      "name": "rancher_fw_allowall",
      "provider": "provider[\"registry.terraform.io/hashicorp/google\"]",
      "instances": [
        {
          "schema_version": 1,
          "attributes": {
            "allow": [
              {
                "ports": [],
                "protocol": "all"
              }
            ],
            "creation_timestamp": "2022-06-14T07:40:22.526-07:00",
            "deny": [],
            "description": "",
            "destination_ranges": [],
            "direction": "INGRESS",
            "disabled": false,
            "enable_logging": null,
            "id": "projects/concise-kayak-352018/global/firewalls/quickstart-rancher-allowall",
            "log_config": [],
            "name": "quickstart-rancher-allowall",
            "network": "https://www.googleapis.com/compute/v1/projects/concise-kayak-352018/global/networks/default",
            "priority": 1000,
            "project": "concise-kayak-352018",
            "self_link": "https://www.googleapis.com/compute/v1/projects/concise-kayak-352018/global/firewalls/quickstart-rancher-allowall",
            "source_ranges": [
              "0.0.0.0/0"
            ],
            "source_service_accounts": [],
            "source_tags": [],
            "target_service_accounts": [],
            "target_tags": [],
            "timeouts": null
          },
          "sensitive_attributes": [],
          "private": "eyJlMmJmYjczMC1lY2FhLTExZTYtOGY4OC0zNDM2M2JjN2M0YzAiOnsiY3JlYXRlIjoxMjAwMDAwMDAwMDAwLCJkZWxldGUiOjEyMDAwMDAwMDAwMDAsInVwZGF0ZSI6MTIwMDAwMDAwMDAwMH0sInNjaGVtYV92ZXJzaW9uIjoiMSJ9"
        }
      ]
    },
    {
      "mode": "managed",
      "type": "google_compute_instance",
      "name": "quickstart_node",
      "provider": "provider[\"registry.terraform.io/hashicorp/google\"]",
      "instances": [
        {
          "schema_version": 6,
          "attributes": {
            "advanced_machine_features": [],
            "allow_stopping_for_update": null,
            "attached_disk": [],
            "boot_disk": [
              {
                "auto_delete": true,
                "device_name": "persistent-disk-0",
                "disk_encryption_key_raw": "",
                "disk_encryption_key_sha256": "",
                "initialize_params": [
                  {
                    "image": "https://www.googleapis.com/compute/v1/projects/suse-cloud/global/images/sles-15-sp3-v20220524-x86-64",
                    "labels": {},
                    "size": 10,
                    "type": "pd-standard"
                  }
                ],
                "kms_key_self_link": "",
                "mode": "READ_WRITE",
                "source": "https://www.googleapis.com/compute/v1/projects/concise-kayak-352018/zones/us-east4-c/disks/quickstart-quickstart-node"
              }
            ],
            "can_ip_forward": false,
            "confidential_instance_config": [],
            "cpu_platform": "Intel Broadwell",
            "current_status": "RUNNING",
            "deletion_protection": false,
            "description": "",
            "desired_status": null,
            "enable_display": false,
            "guest_accelerator": [],
            "hostname": "",
            "id": "projects/concise-kayak-352018/zones/us-east4-c/instances/quickstart-quickstart-node",
            "instance_id": "1134102966819910357",
            "label_fingerprint": "42WmSpB8rSM=",
            "labels": null,
            "machine_type": "n1-standard-2",
            "metadata": {
              "enable-oslogin": "FALSE",
              "ssh-keys": "gcpuser:ssh-rsa AAAAB3NzaC1yc2EAAAADAQABAAABAQDAZ+BfOiw8uPBCN7hrQMDP/dYdVxsgnRZZlBvrHjZkQX9YJZgHiuuIE3a8UY0xrF9OXLw0KyT6bcMH/fPrEixlf2hpQ+G7c1UEDzahMiLsIiy98CL+t0Mot8Qh4P6IUwgp03BYClE++lYf1BiQG19fDCThBJrf7IsYv4vSnVSvKZxMM1/1OmxIziaswY7Ci/o4GQfcA3jlGOtgNiNQyuKUOc3hlzxd5xxzxI9Cqvf1LpAKB2k2dhUCn1maY/PAc/z1EeoKh01hsSGWF2ALT3mCZVtuPuI99bwrc8iNmsLO4Z1hjoqqSN1vNHO5xY5ZmD86RywTlCWyl0dIudUBKPHH\n"
            },
            "metadata_fingerprint": "hNYYd6JluQ8=",
            "metadata_startup_script": "#!/bin/bash -x\n\nif docker ps; then\n    exit 0\nfi\n\nsystemctl enable docker\nsystemctl start docker\n\nprivateIP=$(curl -H 'Metadata-Flavor: Google' http://metadata.google.internal/computeMetadata/v1/instance/network-interfaces/0/ip)\n\nsudo docker run -d --privileged --restart=unless-stopped --net=host -v /etc/kubernetes:/etc/kubernetes -v /var/run:/var/run  rancher/rancher-agent:v2.6.4 --server https://rancher.34.150.254.64.sslip.io --token 52f8cssv74hnx8cj9gn7r5nfhhxb7mpjdbbs7jq5gj8cg4scwgdbxp --ca-checksum e64cd2d5afd2eeb546a78f55e0437d44f8cbdee57c86fec1839c344bbb5f4a71 --address 34.85.144.225 --internal-address $privateIP --etcd --controlplane --worker\n",
            "min_cpu_platform": "",
            "name": "quickstart-quickstart-node",
            "network_interface": [
              {
                "access_config": [
                  {
                    "nat_ip": "34.85.144.225",
                    "network_tier": "PREMIUM",
                    "public_ptr_domain_name": ""
                  }
                ],
                "alias_ip_range": [],
                "ipv6_access_config": [],
                "ipv6_access_type": "",
                "name": "nic0",
                "network": "https://www.googleapis.com/compute/v1/projects/concise-kayak-352018/global/networks/default",
                "network_ip": "10.150.0.3",
                "nic_type": "",
                "queue_count": 0,
                "stack_type": "IPV4_ONLY",
                "subnetwork": "https://www.googleapis.com/compute/v1/projects/concise-kayak-352018/regions/us-east4/subnetworks/default",
                "subnetwork_project": "concise-kayak-352018"
              }
            ],
            "project": "concise-kayak-352018",
            "reservation_affinity": [],
            "resource_policies": null,
            "scheduling": [
              {
                "automatic_restart": true,
                "min_node_cpus": 0,
                "node_affinities": [],
                "on_host_maintenance": "MIGRATE",
                "preemptible": false
              }
            ],
            "scratch_disk": [],
            "self_link": "https://www.googleapis.com/compute/v1/projects/concise-kayak-352018/zones/us-east4-c/instances/quickstart-quickstart-node",
            "service_account": [],
            "shielded_instance_config": [
              {
                "enable_integrity_monitoring": true,
                "enable_secure_boot": false,
                "enable_vtpm": true
              }
            ],
            "tags": null,
            "tags_fingerprint": "42WmSpB8rSM=",
            "timeouts": null,
            "zone": "us-east4-c"
          },
          "sensitive_attributes": [],
          "private": "eyJlMmJmYjczMC1lY2FhLTExZTYtOGY4OC0zNDM2M2JjN2M0YzAiOnsiY3JlYXRlIjoxMjAwMDAwMDAwMDAwLCJkZWxldGUiOjEyMDAwMDAwMDAwMDAsInVwZGF0ZSI6MTIwMDAwMDAwMDAwMH0sInNjaGVtYV92ZXJzaW9uIjoiNiJ9",
          "dependencies": [
            "data.google_compute_image.sles",
            "google_compute_address.quickstart_node_address",
            "google_compute_address.rancher_server_address",
            "google_compute_firewall.rancher_fw_allowall",
            "google_compute_instance.rancher_server",
            "module.rancher_common.helm_release.cert_manager",
            "module.rancher_common.helm_release.rancher_server",
            "module.rancher_common.local_file.kube_config_server_yaml",
            "module.rancher_common.rancher2_bootstrap.admin",
            "module.rancher_common.rancher2_cluster.quickstart_workload",
            "module.rancher_common.ssh_resource.install_k3s",
            "module.rancher_common.ssh_resource.retrieve_config",
            "tls_private_key.global_key"
          ]
        }
      ]
    },
    {
      "mode": "managed",
      "type": "google_compute_instance",
      "name": "rancher_server",
      "provider": "provider[\"registry.terraform.io/hashicorp/google\"]",
      "instances": [
        {
          "schema_version": 6,
          "attributes": {
            "advanced_machine_features": [],
            "allow_stopping_for_update": null,
            "attached_disk": [],
            "boot_disk": [
              {
                "auto_delete": true,
                "device_name": "persistent-disk-0",
                "disk_encryption_key_raw": "",
                "disk_encryption_key_sha256": "",
                "initialize_params": [
                  {
                    "image": "https://www.googleapis.com/compute/v1/projects/suse-cloud/global/images/sles-15-sp3-v20220524-x86-64",
                    "labels": {},
                    "size": 10,
                    "type": "pd-standard"
                  }
                ],
                "kms_key_self_link": "",
                "mode": "READ_WRITE",
                "source": "https://www.googleapis.com/compute/v1/projects/concise-kayak-352018/zones/us-east4-c/disks/quickstart-rancher-server"
              }
            ],
            "can_ip_forward": false,
            "confidential_instance_config": [],
            "cpu_platform": "Intel Broadwell",
            "current_status": "RUNNING",
            "deletion_protection": false,
            "description": "",
            "desired_status": null,
            "enable_display": false,
            "guest_accelerator": [],
            "hostname": "",
            "id": "projects/concise-kayak-352018/zones/us-east4-c/instances/quickstart-rancher-server",
            "instance_id": "5925536944292656150",
            "label_fingerprint": "42WmSpB8rSM=",
            "labels": null,
            "machine_type": "n1-standard-2",
            "metadata": {
              "enable-oslogin": "FALSE",
              "ssh-keys": "gcpuser:ssh-rsa AAAAB3NzaC1yc2EAAAADAQABAAABAQDAZ+BfOiw8uPBCN7hrQMDP/dYdVxsgnRZZlBvrHjZkQX9YJZgHiuuIE3a8UY0xrF9OXLw0KyT6bcMH/fPrEixlf2hpQ+G7c1UEDzahMiLsIiy98CL+t0Mot8Qh4P6IUwgp03BYClE++lYf1BiQG19fDCThBJrf7IsYv4vSnVSvKZxMM1/1OmxIziaswY7Ci/o4GQfcA3jlGOtgNiNQyuKUOc3hlzxd5xxzxI9Cqvf1LpAKB2k2dhUCn1maY/PAc/z1EeoKh01hsSGWF2ALT3mCZVtuPuI99bwrc8iNmsLO4Z1hjoqqSN1vNHO5xY5ZmD86RywTlCWyl0dIudUBKPHH\n"
            },
            "metadata_fingerprint": "IC0N8pYv9GY=",
            "metadata_startup_script": null,
            "min_cpu_platform": "",
            "name": "quickstart-rancher-server",
            "network_interface": [
              {
                "access_config": [
                  {
                    "nat_ip": "34.150.254.64",
                    "network_tier": "PREMIUM",
                    "public_ptr_domain_name": ""
                  }
                ],
                "alias_ip_range": [],
                "ipv6_access_config": [],
                "ipv6_access_type": "",
                "name": "nic0",
                "network": "https://www.googleapis.com/compute/v1/projects/concise-kayak-352018/global/networks/default",
                "network_ip": "10.150.0.2",
                "nic_type": "",
                "queue_count": 0,
                "stack_type": "IPV4_ONLY",
                "subnetwork": "https://www.googleapis.com/compute/v1/projects/concise-kayak-352018/regions/us-east4/subnetworks/default",
                "subnetwork_project": "concise-kayak-352018"
              }
            ],
            "project": "concise-kayak-352018",
            "reservation_affinity": [],
            "resource_policies": null,
            "scheduling": [
              {
                "automatic_restart": true,
                "min_node_cpus": 0,
                "node_affinities": [],
                "on_host_maintenance": "MIGRATE",
                "preemptible": false
              }
            ],
            "scratch_disk": [],
            "self_link": "https://www.googleapis.com/compute/v1/projects/concise-kayak-352018/zones/us-east4-c/instances/quickstart-rancher-server",
            "service_account": [],
            "shielded_instance_config": [
              {
                "enable_integrity_monitoring": true,
                "enable_secure_boot": false,
                "enable_vtpm": true
              }
            ],
            "tags": null,
            "tags_fingerprint": "42WmSpB8rSM=",
            "timeouts": null,
            "zone": "us-east4-c"
          },
          "sensitive_attributes": [],
          "private": "eyJlMmJmYjczMC1lY2FhLTExZTYtOGY4OC0zNDM2M2JjN2M0YzAiOnsiY3JlYXRlIjoxMjAwMDAwMDAwMDAwLCJkZWxldGUiOjEyMDAwMDAwMDAwMDAsInVwZGF0ZSI6MTIwMDAwMDAwMDAwMH0sInNjaGVtYV92ZXJzaW9uIjoiNiJ9",
          "dependencies": [
            "data.google_compute_image.sles",
            "google_compute_address.rancher_server_address",
            "google_compute_firewall.rancher_fw_allowall",
            "tls_private_key.global_key"
          ]
        }
      ]
    },
    {
      "mode": "managed",
      "type": "local_file",
      "name": "ssh_public_key_openssh",
      "provider": "provider[\"registry.terraform.io/hashicorp/local\"]",
      "instances": [
        {
          "schema_version": 0,
          "attributes": {
            "content": "ssh-rsa AAAAB3NzaC1yc2EAAAADAQABAAABAQDAZ+BfOiw8uPBCN7hrQMDP/dYdVxsgnRZZlBvrHjZkQX9YJZgHiuuIE3a8UY0xrF9OXLw0KyT6bcMH/fPrEixlf2hpQ+G7c1UEDzahMiLsIiy98CL+t0Mot8Qh4P6IUwgp03BYClE++lYf1BiQG19fDCThBJrf7IsYv4vSnVSvKZxMM1/1OmxIziaswY7Ci/o4GQfcA3jlGOtgNiNQyuKUOc3hlzxd5xxzxI9Cqvf1LpAKB2k2dhUCn1maY/PAc/z1EeoKh01hsSGWF2ALT3mCZVtuPuI99bwrc8iNmsLO4Z1hjoqqSN1vNHO5xY5ZmD86RywTlCWyl0dIudUBKPHH\n",
            "content_base64": null,
            "directory_permission": "0777",
            "file_permission": "0777",
            "filename": "./id_rsa.pub",
            "id": "d2c88da4124d7fbf094a1ff6960650085df52529",
            "sensitive_content": null,
            "source": null
          },
          "sensitive_attributes": [],
          "private": "bnVsbA==",
          "dependencies": [
            "tls_private_key.global_key"
          ]
        }
      ]
    },
    {
      "mode": "managed",
      "type": "local_sensitive_file",
      "name": "ssh_private_key_pem",
      "provider": "provider[\"registry.terraform.io/hashicorp/local\"]",
      "instances": [
        {
          "schema_version": 0,
          "attributes": {
            "content": "-----BEGIN RSA PRIVATE KEY-----\nMIIEowIBAAKCAQEAwGfgXzosPLjwQje4a0DAz/3WHVcbIJ0WWZQb6x42ZEF/WCWY\nB4rriBN2vFGNMaxfTly8NCsk+m3DB/3z6xIsZX9oaUPhu3NVBA82oTIi7CIsvfAi\n/rdDKLfEIeD+iFMIKdNwWApRPvpWH9QYkBtfXwwk4QSa3+yLGL+L0p1UrymcTDNf\n9TpsSM4mrMGOwov6OBkH3AN45RjrYDYjUMrilDnN4Zc8Xeccc8SPQqr39S6QCgdp\nNnYVAp9ZmmPzwHP89RHqCodNYbEhlhdgC095gmVbbj7iPfW8K3PIjZrCzuGdYY6K\nqkjdbzRzucWOWZg/OkcsE5QlspdHSLnVASjxxwIDAQABAoIBAEtUoEFIamd/1Plo\nDXlYieUlMf6cyw8y0bxSw7eDRbJs/mnJlkNlvZ+yVyuWFlzbaxkoL7uRJNIzxUdM\nw4JGxEEc6AlGvYuBtUh4mF/2XDvtiWz4JwtpPw8jG9RT3fQL5kdR9EtUBslMhAnE\nJbXOMcHp5EqBXg3L9A3FeP4GAVDuoMrv9YiPNlROCBjXm7ipUMokzLFRGae0R/8k\n8uvapw51MkqkecZUP5GuamAkUCS50o6Wn239i8tOcncODc0ai/aGftTR2sUZwgcN\n3+Tg13ZDr3tMbp9LLNMkbyOGmF5mVu4qY4Kyh0wIAQ9oE6H/qzvonljOYNa4WJUp\n4jx7lckCgYEA5rsCJQVrDpK7pat72rc00qGkrjdh6uDJLhb8lNOVCqNzqmb4n5uI\nNGbOMqWV5KHmsOgSjbCBjNl+44dtvr3vB+EJ1aUvHGIIhrYsS6X2A7uSksgzflgC\n+hvVaubM/g9iZH8t6vfMAz2fZw0g0FcX4pXWalEfXTtxpsLLwFjsK4MCgYEA1Xpb\nf4N2V6PZxUnynoBSCrrI7UgbPA7EnO+zonR+ovtB3a5z06eaKTDzFrgX2zG9B12l\nqOx6qjaxcHtgO/E5yjdgIhdWYTKyGhA85tA8Wo7uQ1N3NmfkDP7BQKs0z+cCQcTN\napQqzS2Woot9EsDzELENiHKLCQusPmd5vB4Y+W0CgYA+oNJDNEZL7V5L6NE0m/gV\nmFS4CUZl1+Ajx4+F4iyZd6aEwXCI+lGtT552tuWJ6rxQlp26ogd4MO01W2RZmvqP\n2/CscirofF+uGTLK0eCGQNrXRspbaA5ez0FNxBoueASQHMlc9ygEVSy4byLSCmHs\nWhmaQCzQRLtjtYpSypBIewKBgQCLGxUeTTrDNwjDr0ECmZlcVoRxYgglJXZm0Sdb\n189hQpqT6oadR9yDtNriVgltksabUyGMprPz0HnlUu/Nf43pwBXLgSuPYKp/o08c\nFFsPo42Mn4nSEPagpSymiCl8xApLcwNrzKrrUiaTOpPAsaxxlv27iPAib9HIREMm\nGvKpLQKBgFVYGEOP/IkWUhutOnNtaVkjSFAyCk2rra34hVFOZ+jFqBVDBmi3touC\njSMkElR0qNsVSgAKoymRKUP/5D/I0lVjJ3JdWuzdyp0OuxVNhKOjnk6weOVcM7Ty\nqH7a+OHU0RaKUvioiGJhyNlb4w+P2WAOoAJ7FPxQVKMN5/gXBsy/\n-----END RSA PRIVATE KEY-----\n",
            "content_base64": null,
            "directory_permission": "0700",
            "file_permission": "0600",
            "filename": "./id_rsa",
            "id": "b111a815ca78a62da0eec14e22f7cae405e44061",
            "source": null
          },
          "sensitive_attributes": [
            [
              {
                "type": "get_attr",
                "value": "content"
              }
            ]
          ],
          "private": "bnVsbA==",
          "dependencies": [
            "tls_private_key.global_key"
          ]
        }
      ]
    },
    {
      "mode": "managed",
      "type": "tls_private_key",
      "name": "global_key",
      "provider": "provider[\"registry.terraform.io/hashicorp/tls\"]",
      "instances": [
        {
          "schema_version": 0,
          "attributes": {
            "algorithm": "RSA",
            "ecdsa_curve": "P224",
            "id": "02cc653b77d0fef35c2fc27edc4a4542940c3795",
            "private_key_pem": "-----BEGIN RSA PRIVATE KEY-----\nMIIEowIBAAKCAQEAwGfgXzosPLjwQje4a0DAz/3WHVcbIJ0WWZQb6x42ZEF/WCWY\nB4rriBN2vFGNMaxfTly8NCsk+m3DB/3z6xIsZX9oaUPhu3NVBA82oTIi7CIsvfAi\n/rdDKLfEIeD+iFMIKdNwWApRPvpWH9QYkBtfXwwk4QSa3+yLGL+L0p1UrymcTDNf\n9TpsSM4mrMGOwov6OBkH3AN45RjrYDYjUMrilDnN4Zc8Xeccc8SPQqr39S6QCgdp\nNnYVAp9ZmmPzwHP89RHqCodNYbEhlhdgC095gmVbbj7iPfW8K3PIjZrCzuGdYY6K\nqkjdbzRzucWOWZg/OkcsE5QlspdHSLnVASjxxwIDAQABAoIBAEtUoEFIamd/1Plo\nDXlYieUlMf6cyw8y0bxSw7eDRbJs/mnJlkNlvZ+yVyuWFlzbaxkoL7uRJNIzxUdM\nw4JGxEEc6AlGvYuBtUh4mF/2XDvtiWz4JwtpPw8jG9RT3fQL5kdR9EtUBslMhAnE\nJbXOMcHp5EqBXg3L9A3FeP4GAVDuoMrv9YiPNlROCBjXm7ipUMokzLFRGae0R/8k\n8uvapw51MkqkecZUP5GuamAkUCS50o6Wn239i8tOcncODc0ai/aGftTR2sUZwgcN\n3+Tg13ZDr3tMbp9LLNMkbyOGmF5mVu4qY4Kyh0wIAQ9oE6H/qzvonljOYNa4WJUp\n4jx7lckCgYEA5rsCJQVrDpK7pat72rc00qGkrjdh6uDJLhb8lNOVCqNzqmb4n5uI\nNGbOMqWV5KHmsOgSjbCBjNl+44dtvr3vB+EJ1aUvHGIIhrYsS6X2A7uSksgzflgC\n+hvVaubM/g9iZH8t6vfMAz2fZw0g0FcX4pXWalEfXTtxpsLLwFjsK4MCgYEA1Xpb\nf4N2V6PZxUnynoBSCrrI7UgbPA7EnO+zonR+ovtB3a5z06eaKTDzFrgX2zG9B12l\nqOx6qjaxcHtgO/E5yjdgIhdWYTKyGhA85tA8Wo7uQ1N3NmfkDP7BQKs0z+cCQcTN\napQqzS2Woot9EsDzELENiHKLCQusPmd5vB4Y+W0CgYA+oNJDNEZL7V5L6NE0m/gV\nmFS4CUZl1+Ajx4+F4iyZd6aEwXCI+lGtT552tuWJ6rxQlp26ogd4MO01W2RZmvqP\n2/CscirofF+uGTLK0eCGQNrXRspbaA5ez0FNxBoueASQHMlc9ygEVSy4byLSCmHs\nWhmaQCzQRLtjtYpSypBIewKBgQCLGxUeTTrDNwjDr0ECmZlcVoRxYgglJXZm0Sdb\n189hQpqT6oadR9yDtNriVgltksabUyGMprPz0HnlUu/Nf43pwBXLgSuPYKp/o08c\nFFsPo42Mn4nSEPagpSymiCl8xApLcwNrzKrrUiaTOpPAsaxxlv27iPAib9HIREMm\nGvKpLQKBgFVYGEOP/IkWUhutOnNtaVkjSFAyCk2rra34hVFOZ+jFqBVDBmi3touC\njSMkElR0qNsVSgAKoymRKUP/5D/I0lVjJ3JdWuzdyp0OuxVNhKOjnk6weOVcM7Ty\nqH7a+OHU0RaKUvioiGJhyNlb4w+P2WAOoAJ7FPxQVKMN5/gXBsy/\n-----END RSA PRIVATE KEY-----\n",
            "public_key_fingerprint_md5": "fc:fa:ec:bb:c5:cd:7d:6f:e1:e4:99:35:5d:8d:94:e2",
            "public_key_openssh": "ssh-rsa AAAAB3NzaC1yc2EAAAADAQABAAABAQDAZ+BfOiw8uPBCN7hrQMDP/dYdVxsgnRZZlBvrHjZkQX9YJZgHiuuIE3a8UY0xrF9OXLw0KyT6bcMH/fPrEixlf2hpQ+G7c1UEDzahMiLsIiy98CL+t0Mot8Qh4P6IUwgp03BYClE++lYf1BiQG19fDCThBJrf7IsYv4vSnVSvKZxMM1/1OmxIziaswY7Ci/o4GQfcA3jlGOtgNiNQyuKUOc3hlzxd5xxzxI9Cqvf1LpAKB2k2dhUCn1maY/PAc/z1EeoKh01hsSGWF2ALT3mCZVtuPuI99bwrc8iNmsLO4Z1hjoqqSN1vNHO5xY5ZmD86RywTlCWyl0dIudUBKPHH\n",
            "public_key_pem": "-----BEGIN PUBLIC KEY-----\nMIIBIjANBgkqhkiG9w0BAQEFAAOCAQ8AMIIBCgKCAQEAwGfgXzosPLjwQje4a0DA\nz/3WHVcbIJ0WWZQb6x42ZEF/WCWYB4rriBN2vFGNMaxfTly8NCsk+m3DB/3z6xIs\nZX9oaUPhu3NVBA82oTIi7CIsvfAi/rdDKLfEIeD+iFMIKdNwWApRPvpWH9QYkBtf\nXwwk4QSa3+yLGL+L0p1UrymcTDNf9TpsSM4mrMGOwov6OBkH3AN45RjrYDYjUMri\nlDnN4Zc8Xeccc8SPQqr39S6QCgdpNnYVAp9ZmmPzwHP89RHqCodNYbEhlhdgC095\ngmVbbj7iPfW8K3PIjZrCzuGdYY6KqkjdbzRzucWOWZg/OkcsE5QlspdHSLnVASjx\nxwIDAQAB\n-----END PUBLIC KEY-----\n",
            "rsa_bits": 2048
          },
          "sensitive_attributes": [],
          "private": "bnVsbA=="
        }
      ]
    },
    {
      "module": "module.rancher_common",
      "mode": "managed",
      "type": "helm_release",
      "name": "cert_manager",
      "provider": "module.rancher_common.provider[\"registry.terraform.io/hashicorp/helm\"]",
      "instances": [
        {
          "schema_version": 0,
          "attributes": {
            "atomic": false,
            "chart": "https://charts.jetstack.io/charts/cert-manager-v1.7.1.tgz",
            "cleanup_on_fail": false,
            "create_namespace": true,
            "dependency_update": false,
            "description": null,
            "devel": null,
            "disable_crd_hooks": false,
            "disable_openapi_validation": false,
            "disable_webhooks": false,
            "force_update": false,
            "id": "cert-manager",
            "keyring": null,
            "lint": false,
            "manifest": null,
            "max_history": 0,
            "metadata": [
              {
                "app_version": "v1.7.1",
                "chart": "cert-manager",
                "name": "cert-manager",
                "namespace": "cert-manager",
                "revision": 1,
                "values": "{\"installCRDs\":true}",
                "version": "v1.7.1"
              }
            ],
            "name": "cert-manager",
            "namespace": "cert-manager",
            "postrender": [],
            "recreate_pods": false,
            "render_subchart_notes": true,
            "replace": false,
            "repository": null,
            "repository_ca_file": null,
            "repository_cert_file": null,
            "repository_key_file": null,
            "repository_password": null,
            "repository_username": null,
            "reset_values": false,
            "reuse_values": false,
            "set": [
              {
                "name": "installCRDs",
                "type": "",
                "value": "true"
              }
            ],
            "set_sensitive": [],
            "skip_crds": false,
            "status": "deployed",
            "timeout": 300,
            "values": null,
            "verify": false,
            "version": "v1.7.1",
            "wait": true,
            "wait_for_jobs": false
          },
          "sensitive_attributes": [],
          "private": "bnVsbA==",
          "dependencies": [
            "data.google_compute_image.sles",
            "google_compute_address.rancher_server_address",
            "google_compute_firewall.rancher_fw_allowall",
            "google_compute_instance.rancher_server",
            "module.rancher_common.local_file.kube_config_server_yaml",
            "module.rancher_common.ssh_resource.install_k3s",
            "module.rancher_common.ssh_resource.retrieve_config",
            "tls_private_key.global_key"
          ]
        }
      ]
    },
    {
      "module": "module.rancher_common",
      "mode": "managed",
      "type": "helm_release",
      "name": "rancher_server",
      "provider": "module.rancher_common.provider[\"registry.terraform.io/hashicorp/helm\"]",
      "instances": [
        {
          "schema_version": 0,
          "attributes": {
            "atomic": false,
            "chart": "https://releases.rancher.com/server-charts/latest/rancher-2.6.4.tgz",
            "cleanup_on_fail": false,
            "create_namespace": true,
            "dependency_update": false,
            "description": null,
            "devel": null,
            "disable_crd_hooks": false,
            "disable_openapi_validation": false,
            "disable_webhooks": false,
            "force_update": false,
            "id": "rancher",
            "keyring": null,
            "lint": false,
            "manifest": null,
            "max_history": 0,
            "metadata": [
              {
                "app_version": "v2.6.4",
                "chart": "rancher",
                "name": "rancher",
                "namespace": "cattle-system",
                "revision": 1,
                "values": "{\"bootstrapPassword\":\"admin\",\"hostname\":\"rancher.34.150.254.64.sslip.io\",\"replicas\":1}",
                "version": "2.6.4"
              }
            ],
            "name": "rancher",
            "namespace": "cattle-system",
            "postrender": [],
            "recreate_pods": false,
            "render_subchart_notes": true,
            "replace": false,
            "repository": null,
            "repository_ca_file": null,
            "repository_cert_file": null,
            "repository_key_file": null,
            "repository_password": null,
            "repository_username": null,
            "reset_values": false,
            "reuse_values": false,
            "set": [
              {
                "name": "bootstrapPassword",
                "type": "",
                "value": "admin"
              },
              {
                "name": "hostname",
                "type": "",
                "value": "rancher.34.150.254.64.sslip.io"
              },
              {
                "name": "replicas",
                "type": "",
                "value": "1"
              }
            ],
            "set_sensitive": [],
            "skip_crds": false,
            "status": "deployed",
            "timeout": 300,
            "values": null,
            "verify": false,
            "version": "2.6.4",
            "wait": true,
            "wait_for_jobs": false
          },
          "sensitive_attributes": [],
          "private": "bnVsbA==",
          "dependencies": [
            "data.google_compute_image.sles",
            "google_compute_address.rancher_server_address",
            "google_compute_firewall.rancher_fw_allowall",
            "google_compute_instance.rancher_server",
            "module.rancher_common.helm_release.cert_manager",
            "module.rancher_common.local_file.kube_config_server_yaml",
            "module.rancher_common.ssh_resource.install_k3s",
            "module.rancher_common.ssh_resource.retrieve_config",
            "tls_private_key.global_key"
          ]
        }
      ]
    },
    {
      "module": "module.rancher_common",
      "mode": "managed",
      "type": "local_file",
      "name": "kube_config_server_yaml",
      "provider": "provider[\"registry.terraform.io/hashicorp/local\"]",
      "instances": [
        {
          "schema_version": 0,
          "attributes": {
            "content": "apiVersion: v1\nclusters:\n- cluster:\n    certificate-authority-data: LS0tLS1CRUdJTiBDRVJUSUZJQ0FURS0tLS0tCk1JSUJlRENDQVIyZ0F3SUJBZ0lCQURBS0JnZ3Foa2pPUFFRREFqQWpNU0V3SHdZRFZRUUREQmhyTTNNdGMyVnkKZG1WeUxXTmhRREUyTlRVeU9UUTNOamt3SGhjTk1qSXdOakUxTVRJd05qQTVXaGNOTXpJd05qRXlNVEl3TmpBNQpXakFqTVNFd0h3WURWUVFEREJock0zTXRjMlZ5ZG1WeUxXTmhRREUyTlRVeU9UUTNOamt3V1RBVEJnY3Foa2pPClBRSUJCZ2dxaGtqT1BRTUJCd05DQUFSYUp1VjRjMGhGM3d5Skx0My9QVlNpZ294cS9acnRKaWVxUkdteXl0eFYKMzhKd0RFMnpOVGhxNkMrVjRjVlZ1QnVFMHRkb2NnU1lrN2N6dlJQY2lWRnFvMEl3UURBT0JnTlZIUThCQWY4RQpCQU1DQXFRd0R3WURWUjBUQVFIL0JBVXdBd0VCL3pBZEJnTlZIUTRFRmdRVVl0dmd2N2w1K3FIVitHc2xpQmJuCnhBbkU4cFl3Q2dZSUtvWkl6ajBFQXdJRFNRQXdSZ0loQU95Zjk0UE85WEhXbFIvQkVxOXJVU0JBK2FITVNrelcKMm1CK3hBbHQ3M0Z6QWlFQW03TWZZSHRWRWVMTW5ENFN0L0tHSG9GMExxV1F0T0pkWDZ3a1ZyTzhlWGs9Ci0tLS0tRU5EIENFUlRJRklDQVRFLS0tLS0K\n    server: https://34.150.254.64:6443\n  name: default\ncontexts:\n- context:\n    cluster: default\n    user: default\n  name: default\ncurrent-context: default\nkind: Config\npreferences: {}\nusers:\n- name: default\n  user:\n    client-certificate-data: LS0tLS1CRUdJTiBDRVJUSUZJQ0FURS0tLS0tCk1JSUJrVENDQVRlZ0F3SUJBZ0lJZFpLNHhMMDBzaW93Q2dZSUtvWkl6ajBFQXdJd0l6RWhNQjhHQTFVRUF3d1kKYXpOekxXTnNhV1Z1ZEMxallVQXhOalUxTWprME56WTVNQjRYRFRJeU1EWXhOVEV5TURZd09Wb1hEVEl6TURZeApOVEV5TURZd09Wb3dNREVYTUJVR0ExVUVDaE1PYzNsemRHVnRPbTFoYzNSbGNuTXhGVEFUQmdOVkJBTVRESE41CmMzUmxiVHBoWkcxcGJqQlpNQk1HQnlxR1NNNDlBZ0VHQ0NxR1NNNDlBd0VIQTBJQUJQRElKSGZNVThod1lCczMKL1J4S3JwMmlidEN4Qkk3dDB5WlBaQmdaKzloTExOaitWQkZnWG9rSkpSalo5L0w2L0RXMnhKc2JaWlNFOWlXegpvT2h1cDYralNEQkdNQTRHQTFVZER3RUIvd1FFQXdJRm9EQVRCZ05WSFNVRUREQUtCZ2dyQmdFRkJRY0RBakFmCkJnTlZIU01FR0RBV2dCUklndUhQWWFHVWVpY3lZcEZSMzlxL3grR0pNVEFLQmdncWhrak9QUVFEQWdOSUFEQkYKQWlFQXlvbUZVVmtXWkp0bnlqYWtsVnlYZ2t4T2pneDNnejlxQkJjcVNYdURjVmNDSUU4WnVyVmw2dGJsOGs0TgpPOWw0U2M0RTNmNzlPUkU3bCtTZWJFeTM4a2E0Ci0tLS0tRU5EIENFUlRJRklDQVRFLS0tLS0KLS0tLS1CRUdJTiBDRVJUSUZJQ0FURS0tLS0tCk1JSUJkakNDQVIyZ0F3SUJBZ0lCQURBS0JnZ3Foa2pPUFFRREFqQWpNU0V3SHdZRFZRUUREQmhyTTNNdFkyeHAKWlc1MExXTmhRREUyTlRVeU9UUTNOamt3SGhjTk1qSXdOakUxTVRJd05qQTVXaGNOTXpJd05qRXlNVEl3TmpBNQpXakFqTVNFd0h3WURWUVFEREJock0zTXRZMnhwWlc1MExXTmhRREUyTlRVeU9UUTNOamt3V1RBVEJnY3Foa2pPClBRSUJCZ2dxaGtqT1BRTUJCd05DQUFSOHdSM0x0cGJMV2p3R2RLR3ZwVnRTc3Q1Uk9lb1NmbmdxYk85WThUQWgKOXl1U3pyYnpzeGY5b010WGdrOUhoQ3N0L0svVEFDZlA4MHBmR3BTeWNBaThvMEl3UURBT0JnTlZIUThCQWY4RQpCQU1DQXFRd0R3WURWUjBUQVFIL0JBVXdBd0VCL3pBZEJnTlZIUTRFRmdRVVNJTGh6MkdobEhvbk1tS1JVZC9hCnY4ZmhpVEV3Q2dZSUtvWkl6ajBFQXdJRFJ3QXdSQUlnVzBLc1FHR3l0em1laTBNdUpXQlNSakx3OWFmdG8yRXIKUWdaQnZmdXBHNVVDSUVMTldXUk5Qb2dBUTZ5ZmwwY0tCKzhaUmxuZUV3M3o2ZFBuK2FUd1RWWjAKLS0tLS1FTkQgQ0VSVElGSUNBVEUtLS0tLQo=\n    client-key-data: LS0tLS1CRUdJTiBFQyBQUklWQVRFIEtFWS0tLS0tCk1IY0NBUUVFSUFRQzZLSUlQdmYzS1Y1cFVIVE93SllnV1NMYVEvRlBhRUFKMnBYVUFzenZvQW9HQ0NxR1NNNDkKQXdFSG9VUURRZ0FFOE1na2Q4eFR5SEJnR3pmOUhFcXVuYUp1MExFRWp1M1RKazlrR0JuNzJFc3MyUDVVRVdCZQppUWtsR05uMzh2cjhOYmJFbXh0bGxJVDJKYk9nNkc2bnJ3PT0KLS0tLS1FTkQgRUMgUFJJVkFURSBLRVktLS0tLQo=\n",
            "content_base64": null,
            "directory_permission": "0777",
            "file_permission": "0777",
            "filename": "./kube_config_server.yaml",
            "id": "b6bd17a22855d319b6f481bcd112d23eb6198fed",
            "sensitive_content": null,
            "source": null
          },
          "sensitive_attributes": [],
          "private": "bnVsbA==",
          "dependencies": [
            "data.google_compute_image.sles",
            "google_compute_address.rancher_server_address",
            "google_compute_firewall.rancher_fw_allowall",
            "google_compute_instance.rancher_server",
            "module.rancher_common.ssh_resource.install_k3s",
            "module.rancher_common.ssh_resource.retrieve_config",
            "tls_private_key.global_key"
          ]
        }
      ]
    },
    {
      "module": "module.rancher_common",
      "mode": "managed",
      "type": "local_file",
      "name": "kube_config_workload_yaml",
      "provider": "provider[\"registry.terraform.io/hashicorp/local\"]",
      "instances": [
        {
          "schema_version": 0,
          "attributes": {
            "content": "apiVersion: v1\nkind: Config\nclusters:\n- name: \"quickstart-gcp-custom\"\n  cluster:\n    server: \"https://rancher.34.150.254.64.sslip.io/k8s/clusters/c-flfsh\"\n    certificate-authority-data: \"LS0tLS1CRUdJTiBDRVJUSUZJQ0FURS0tLS0tCk1JSUJwekNDQ\\\n      VUyZ0F3SUJBZ0lCQURBS0JnZ3Foa2pPUFFRREFqQTdNUnd3R2dZRFZRUUtFeE5rZVc1aGJXbGoKY\\\n      kdsemRHVnVaWEl0YjNKbk1Sc3dHUVlEVlFRREV4SmtlVzVoYldsamJHbHpkR1Z1WlhJdFkyRXdIa\\\n      GNOTWpJdwpOakUxTVRJd09UUXhXaGNOTXpJd05qRXlNVEl3T1RReFdqQTdNUnd3R2dZRFZRUUtFe\\\n      E5rZVc1aGJXbGpiR2x6CmRHVnVaWEl0YjNKbk1Sc3dHUVlEVlFRREV4SmtlVzVoYldsamJHbHpkR\\\n      1Z1WlhJdFkyRXdXVEFUQmdjcWhrak8KUFFJQkJnZ3Foa2pPUFFNQkJ3TkNBQVQrY0RNUXhmUXVEV\\\n      EhBNzl3TVBwWm5ITytoT1g0RHBvcjQ4MndCM2FVSQp5TzFYTFZsdEFWMklRU3VwdWgzTktCalgzS\\\n      ys4Ym9xbnJrTXM0QWRKVERRMG8wSXdRREFPQmdOVkhROEJBZjhFCkJBTUNBcVF3RHdZRFZSMFRBU\\\n      UgvQkFVd0F3RUIvekFkQmdOVkhRNEVGZ1FVcC9jOERPd2c1NHQwWDlvVGxzR1IKSjhrWWF4NHdDZ\\\n      1lJS29aSXpqMEVBd0lEU0FBd1JRSWdhWDRvMGdMeE5oRUNOZVFtUWJkYUJpNVZta05kMXlrSgo4Z\\\n      ms3MHphTWJ4a0NJUURRMlJjM0Vvb0hPcWx4bnovY0o2dkV3L2dnWjdwdUFTR09IM0d0UDVTTFZ3P\\\n      T0KLS0tLS1FTkQgQ0VSVElGSUNBVEUtLS0tLQ==\"\n\nusers:\n- name: \"quickstart-gcp-custom\"\n  user:\n    token: \"kubeconfig-user-pssx45kd9w:4qtg4rwg5gmctdtdkp7jpgbpdrjzphz9kkrr8m6wrfp9b5nzg7dzrw\"\n\n\ncontexts:\n- name: \"quickstart-gcp-custom\"\n  context:\n    user: \"quickstart-gcp-custom\"\n    cluster: \"quickstart-gcp-custom\"\n\ncurrent-context: \"quickstart-gcp-custom\"\n",
            "content_base64": null,
            "directory_permission": "0777",
            "file_permission": "0777",
            "filename": "./kube_config_workload.yaml",
            "id": "16c84d3b0f658349bf06f2c3a5045f3902f26b48",
            "sensitive_content": null,
            "source": null
          },
          "sensitive_attributes": [
            [
              {
                "type": "get_attr",
                "value": "content"
              }
            ]
          ],
          "private": "bnVsbA==",
          "dependencies": [
            "data.google_compute_image.sles",
            "google_compute_address.rancher_server_address",
            "google_compute_firewall.rancher_fw_allowall",
            "google_compute_instance.rancher_server",
            "module.rancher_common.helm_release.cert_manager",
            "module.rancher_common.helm_release.rancher_server",
            "module.rancher_common.local_file.kube_config_server_yaml",
            "module.rancher_common.rancher2_bootstrap.admin",
            "module.rancher_common.rancher2_cluster.quickstart_workload",
            "module.rancher_common.ssh_resource.install_k3s",
            "module.rancher_common.ssh_resource.retrieve_config",
            "tls_private_key.global_key"
          ]
        }
      ]
    },
    {
      "module": "module.rancher_common",
      "mode": "managed",
      "type": "rancher2_bootstrap",
      "name": "admin",
      "provider": "module.rancher_common.provider[\"registry.terraform.io/rancher/rancher2\"].bootstrap",
      "instances": [
        {
          "schema_version": 0,
          "attributes": {
            "current_password": "123456789abc",
            "id": "user-pssx4",
            "initial_password": "admin",
            "password": "123456789abc",
            "telemetry": true,
            "temp_token": "",
            "temp_token_id": "",
            "token": "token-l7n4r:mp6xl57g8rmwlr66krwq24wglxwfn6z96bm6gmmtjtk5tj9wxh6rz4",
            "token_id": "token-l7n4r",
            "token_ttl": 0,
            "token_update": false,
            "ui_default_landing": "ember",
            "url": "https://rancher.34.150.254.64.sslip.io",
            "user": "admin"
          },
          "sensitive_attributes": [],
          "private": "bnVsbA==",
          "dependencies": [
            "data.google_compute_image.sles",
            "google_compute_address.rancher_server_address",
            "google_compute_firewall.rancher_fw_allowall",
            "google_compute_instance.rancher_server",
            "module.rancher_common.helm_release.cert_manager",
            "module.rancher_common.helm_release.rancher_server",
            "module.rancher_common.local_file.kube_config_server_yaml",
            "module.rancher_common.ssh_resource.install_k3s",
            "module.rancher_common.ssh_resource.retrieve_config",
            "tls_private_key.global_key"
          ]
        }
      ]
    },
    {
      "module": "module.rancher_common",
      "mode": "managed",
      "type": "rancher2_cluster",
      "name": "quickstart_workload",
      "provider": "module.rancher_common.provider[\"registry.terraform.io/rancher/rancher2\"].admin",
      "instances": [
        {
          "schema_version": 1,
          "attributes": {
            "agent_env_vars": [],
            "aks_config": [],
            "aks_config_v2": [],
            "annotations": {
              "authz.management.cattle.io/creator-role-bindings": "{\"created\":[\"cluster-owner\"],\"required\":[\"cluster-owner\"]}"
            },
            "ca_cert": null,
            "cluster_auth_endpoint": [
              {
                "ca_certs": "",
                "enabled": false,
                "fqdn": ""
              }
            ],
            "cluster_monitoring_input": [],
            "cluster_registration_token": [
              {
                "annotations": {},
                "cluster_id": "c-flfsh",
                "command": "kubectl apply -f https://rancher.34.150.254.64.sslip.io/v3/import/52f8cssv74hnx8cj9gn7r5nfhhxb7mpjdbbs7jq5gj8cg4scwgdbxp_c-flfsh.yaml",
                "id": "c-flfsh:default-token",
                "insecure_command": "curl --insecure -sfL https://rancher.34.150.254.64.sslip.io/v3/import/52f8cssv74hnx8cj9gn7r5nfhhxb7mpjdbbs7jq5gj8cg4scwgdbxp_c-flfsh.yaml | kubectl apply -f -",
                "insecure_node_command": "",
                "insecure_windows_node_command": "",
                "labels": {
                  "cattle.io/creator": "norman"
                },
                "manifest_url": "https://rancher.34.150.254.64.sslip.io/v3/import/52f8cssv74hnx8cj9gn7r5nfhhxb7mpjdbbs7jq5gj8cg4scwgdbxp_c-flfsh.yaml",
                "name": "default-token",
                "node_command": "sudo docker run -d --privileged --restart=unless-stopped --net=host -v /etc/kubernetes:/etc/kubernetes -v /var/run:/var/run  rancher/rancher-agent:v2.6.4 --server https://rancher.34.150.254.64.sslip.io --token 52f8cssv74hnx8cj9gn7r5nfhhxb7mpjdbbs7jq5gj8cg4scwgdbxp --ca-checksum e64cd2d5afd2eeb546a78f55e0437d44f8cbdee57c86fec1839c344bbb5f4a71",
                "token": "52f8cssv74hnx8cj9gn7r5nfhhxb7mpjdbbs7jq5gj8cg4scwgdbxp",
                "windows_node_command": "PowerShell -NoLogo -NonInteractive -Command \"\u0026 {docker run -v c:\\:c:\\host rancher/rancher-agent:v2.6.4 bootstrap --server https://rancher.34.150.254.64.sslip.io --token 52f8cssv74hnx8cj9gn7r5nfhhxb7mpjdbbs7jq5gj8cg4scwgdbxp --ca-checksum e64cd2d5afd2eeb546a78f55e0437d44f8cbdee57c86fec1839c344bbb5f4a71 | iex}\""
              }
            ],
            "cluster_template_answers": null,
            "cluster_template_id": null,
            "cluster_template_questions": null,
            "cluster_template_revision_id": null,
            "default_pod_security_policy_template_id": null,
            "default_project_id": "c-flfsh:p-w687d",
            "description": "Custom workload cluster created by Rancher quickstart",
            "desired_agent_image": null,
            "desired_auth_image": null,
            "docker_root_dir": "/var/lib/docker",
            "driver": "",
            "eks_config": [],
            "eks_config_v2": null,
            "enable_cluster_alerting": false,
            "enable_cluster_istio": null,
            "enable_cluster_monitoring": false,
            "enable_network_policy": false,
            "fleet_workspace_name": "fleet-default",
            "gke_config": [],
            "gke_config_v2": [],
            "id": "c-flfsh",
            "istio_enabled": false,
            "k3s_config": [],
            "kube_config": "apiVersion: v1\nkind: Config\nclusters:\n- name: \"quickstart-gcp-custom\"\n  cluster:\n    server: \"https://rancher.34.150.254.64.sslip.io/k8s/clusters/c-flfsh\"\n    certificate-authority-data: \"LS0tLS1CRUdJTiBDRVJUSUZJQ0FURS0tLS0tCk1JSUJwekNDQ\\\n      VUyZ0F3SUJBZ0lCQURBS0JnZ3Foa2pPUFFRREFqQTdNUnd3R2dZRFZRUUtFeE5rZVc1aGJXbGoKY\\\n      kdsemRHVnVaWEl0YjNKbk1Sc3dHUVlEVlFRREV4SmtlVzVoYldsamJHbHpkR1Z1WlhJdFkyRXdIa\\\n      GNOTWpJdwpOakUxTVRJd09UUXhXaGNOTXpJd05qRXlNVEl3T1RReFdqQTdNUnd3R2dZRFZRUUtFe\\\n      E5rZVc1aGJXbGpiR2x6CmRHVnVaWEl0YjNKbk1Sc3dHUVlEVlFRREV4SmtlVzVoYldsamJHbHpkR\\\n      1Z1WlhJdFkyRXdXVEFUQmdjcWhrak8KUFFJQkJnZ3Foa2pPUFFNQkJ3TkNBQVQrY0RNUXhmUXVEV\\\n      EhBNzl3TVBwWm5ITytoT1g0RHBvcjQ4MndCM2FVSQp5TzFYTFZsdEFWMklRU3VwdWgzTktCalgzS\\\n      ys4Ym9xbnJrTXM0QWRKVERRMG8wSXdRREFPQmdOVkhROEJBZjhFCkJBTUNBcVF3RHdZRFZSMFRBU\\\n      UgvQkFVd0F3RUIvekFkQmdOVkhRNEVGZ1FVcC9jOERPd2c1NHQwWDlvVGxzR1IKSjhrWWF4NHdDZ\\\n      1lJS29aSXpqMEVBd0lEU0FBd1JRSWdhWDRvMGdMeE5oRUNOZVFtUWJkYUJpNVZta05kMXlrSgo4Z\\\n      ms3MHphTWJ4a0NJUURRMlJjM0Vvb0hPcWx4bnovY0o2dkV3L2dnWjdwdUFTR09IM0d0UDVTTFZ3P\\\n      T0KLS0tLS1FTkQgQ0VSVElGSUNBVEUtLS0tLQ==\"\n\nusers:\n- name: \"quickstart-gcp-custom\"\n  user:\n    token: \"kubeconfig-user-pssx45kd9w:4qtg4rwg5gmctdtdkp7jpgbpdrjzphz9kkrr8m6wrfp9b5nzg7dzrw\"\n\n\ncontexts:\n- name: \"quickstart-gcp-custom\"\n  context:\n    user: \"quickstart-gcp-custom\"\n    cluster: \"quickstart-gcp-custom\"\n\ncurrent-context: \"quickstart-gcp-custom\"\n",
            "labels": {
              "cattle.io/creator": "norman"
            },
            "name": "quickstart-gcp-custom",
            "oke_config": [],
            "rke2_config": [],
            "rke_config": [
              {
                "addon_job_timeout": 45,
                "addons": "",
                "addons_include": null,
                "authentication": [
                  {
                    "sans": [],
                    "strategy": "x509"
                  }
                ],
                "authorization": [
                  {
                    "mode": null,
                    "options": null
                  }
                ],
                "bastion_host": [
                  {
                    "address": "",
                    "port": "",
                    "ssh_agent_auth": false,
                    "ssh_key": "",
                    "ssh_key_path": "",
                    "user": ""
                  }
                ],
                "cloud_provider": [
                  {
                    "aws_cloud_provider": null,
                    "azure_cloud_provider": null,
                    "custom_cloud_provider": null,
                    "name": null,
                    "openstack_cloud_provider": null,
                    "vsphere_cloud_provider": null
                  }
                ],
                "dns": [],
                "enable_cri_dockerd": false,
                "ignore_docker_version": true,
                "ingress": [
                  {
                    "default_backend": true,
                    "dns_policy": "",
                    "extra_args": {},
                    "http_port": 0,
                    "https_port": 0,
                    "network_mode": "",
                    "node_selector": {},
                    "options": {},
                    "provider": "nginx",
                    "tolerations": [],
                    "update_strategy": []
                  }
                ],
                "kubernetes_version": "v1.21.10-rancher1-1",
                "monitoring": [
                  {
                    "node_selector": {},
                    "options": {},
                    "provider": "metrics-server",
                    "replicas": 1,
                    "tolerations": [],
                    "update_strategy": []
                  }
                ],
                "network": [
                  {
                    "calico_network_provider": [],
                    "canal_network_provider": [],
                    "flannel_network_provider": [],
                    "mtu": 0,
                    "options": {},
                    "plugin": "canal",
                    "tolerations": [],
                    "weave_network_provider": []
                  }
                ],
                "nodes": [],
                "prefix_path": "",
                "private_registries": [],
                "services": [
                  {
                    "etcd": [
                      {
                        "backup_config": [
                          {
                            "enabled": true,
                            "interval_hours": 12,
                            "retention": 6,
                            "s3_backup_config": [],
                            "safe_timestamp": false,
                            "timeout": 300
                          }
                        ],
                        "ca_cert": "",
                        "cert": "",
                        "creation": "12h",
                        "external_urls": [],
                        "extra_args": {
                          "election-timeout": "5000",
                          "heartbeat-interval": "500"
                        },
                        "extra_binds": [],
                        "extra_env": [],
                        "gid": 0,
                        "image": "",
                        "key": "",
                        "path": "",
                        "retention": "72h",
                        "snapshot": false,
                        "uid": 0
                      }
                    ],
                    "kube_api": [
                      {
                        "admission_configuration": {},
                        "always_pull_images": false,
                        "audit_log": [],
                        "event_rate_limit": [],
                        "extra_args": {},
                        "extra_binds": [],
                        "extra_env": [],
                        "image": "",
                        "pod_security_policy": false,
                        "secrets_encryption_config": [],
                        "service_cluster_ip_range": "",
                        "service_node_port_range": "30000-32767"
                      }
                    ],
                    "kube_controller": [
                      {
                        "cluster_cidr": null,
                        "extra_args": null,
                        "extra_binds": null,
                        "extra_env": null,
                        "image": null,
                        "service_cluster_ip_range": null
                      }
                    ],
                    "kubelet": [
                      {
                        "cluster_dns_server": "",
                        "cluster_domain": "",
                        "extra_args": {},
                        "extra_binds": [],
                        "extra_env": [],
                        "fail_swap_on": false,
                        "generate_serving_certificate": false,
                        "image": "",
                        "infra_container_image": ""
                      }
                    ],
                    "kubeproxy": [
                      {
                        "extra_args": null,
                        "extra_binds": null,
                        "extra_env": null,
                        "image": null
                      }
                    ],
                    "scheduler": [
                      {
                        "extra_args": null,
                        "extra_binds": null,
                        "extra_env": null,
                        "image": null
                      }
                    ]
                  }
                ],
                "ssh_agent_auth": false,
                "ssh_cert_path": "",
                "ssh_key_path": "",
                "upgrade_strategy": [
                  {
                    "drain": false,
                    "drain_input": [
                      {
                        "delete_local_data": false,
                        "force": false,
                        "grace_period": -1,
                        "ignore_daemon_sets": true,
                        "timeout": 120
                      }
                    ],
                    "max_unavailable_controlplane": "1",
                    "max_unavailable_worker": "10%"
                  }
                ],
                "win_prefix_path": ""
              }
            ],
            "scheduled_cluster_scan": null,
            "system_project_id": "c-flfsh:p-fmnj6",
            "timeouts": null,
            "windows_prefered_cluster": false
          },
          "sensitive_attributes": [],
          "private": "eyJlMmJmYjczMC1lY2FhLTExZTYtOGY4OC0zNDM2M2JjN2M0YzAiOnsiY3JlYXRlIjoxODAwMDAwMDAwMDAwLCJkZWxldGUiOjE4MDAwMDAwMDAwMDAsInVwZGF0ZSI6MTgwMDAwMDAwMDAwMH0sInNjaGVtYV92ZXJzaW9uIjoiMSJ9",
          "dependencies": [
            "data.google_compute_image.sles",
            "google_compute_address.rancher_server_address",
            "google_compute_firewall.rancher_fw_allowall",
            "google_compute_instance.rancher_server",
            "module.rancher_common.helm_release.cert_manager",
            "module.rancher_common.helm_release.rancher_server",
            "module.rancher_common.local_file.kube_config_server_yaml",
            "module.rancher_common.rancher2_bootstrap.admin",
            "module.rancher_common.ssh_resource.install_k3s",
            "module.rancher_common.ssh_resource.retrieve_config",
            "tls_private_key.global_key"
          ]
        }
      ]
    },
    {
      "module": "module.rancher_common",
      "mode": "managed",
      "type": "ssh_resource",
      "name": "install_k3s",
      "provider": "provider[\"registry.terraform.io/loafoe/ssh\"]",
      "instances": [
        {
          "schema_version": 0,
          "attributes": {
            "agent": false,
            "bastion_host": null,
            "bastion_port": "22",
            "commands": [
              "bash -c 'curl https://get.k3s.io | INSTALL_K3S_EXEC=\"server --node-external-ip 34.150.254.64 --node-ip 10.150.0.2\" INSTALL_K3S_VERSION=v1.21.11+k3s1 sh -'"
            ],
            "commands_after_file_changes": true,
            "file": [],
            "host": "34.150.254.64",
            "host_private_key": null,
            "host_user": null,
            "id": "5577006791947779410",
            "port": "22",
            "private_key": "-----BEGIN RSA PRIVATE KEY-----\nMIIEowIBAAKCAQEAwGfgXzosPLjwQje4a0DAz/3WHVcbIJ0WWZQb6x42ZEF/WCWY\nB4rriBN2vFGNMaxfTly8NCsk+m3DB/3z6xIsZX9oaUPhu3NVBA82oTIi7CIsvfAi\n/rdDKLfEIeD+iFMIKdNwWApRPvpWH9QYkBtfXwwk4QSa3+yLGL+L0p1UrymcTDNf\n9TpsSM4mrMGOwov6OBkH3AN45RjrYDYjUMrilDnN4Zc8Xeccc8SPQqr39S6QCgdp\nNnYVAp9ZmmPzwHP89RHqCodNYbEhlhdgC095gmVbbj7iPfW8K3PIjZrCzuGdYY6K\nqkjdbzRzucWOWZg/OkcsE5QlspdHSLnVASjxxwIDAQABAoIBAEtUoEFIamd/1Plo\nDXlYieUlMf6cyw8y0bxSw7eDRbJs/mnJlkNlvZ+yVyuWFlzbaxkoL7uRJNIzxUdM\nw4JGxEEc6AlGvYuBtUh4mF/2XDvtiWz4JwtpPw8jG9RT3fQL5kdR9EtUBslMhAnE\nJbXOMcHp5EqBXg3L9A3FeP4GAVDuoMrv9YiPNlROCBjXm7ipUMokzLFRGae0R/8k\n8uvapw51MkqkecZUP5GuamAkUCS50o6Wn239i8tOcncODc0ai/aGftTR2sUZwgcN\n3+Tg13ZDr3tMbp9LLNMkbyOGmF5mVu4qY4Kyh0wIAQ9oE6H/qzvonljOYNa4WJUp\n4jx7lckCgYEA5rsCJQVrDpK7pat72rc00qGkrjdh6uDJLhb8lNOVCqNzqmb4n5uI\nNGbOMqWV5KHmsOgSjbCBjNl+44dtvr3vB+EJ1aUvHGIIhrYsS6X2A7uSksgzflgC\n+hvVaubM/g9iZH8t6vfMAz2fZw0g0FcX4pXWalEfXTtxpsLLwFjsK4MCgYEA1Xpb\nf4N2V6PZxUnynoBSCrrI7UgbPA7EnO+zonR+ovtB3a5z06eaKTDzFrgX2zG9B12l\nqOx6qjaxcHtgO/E5yjdgIhdWYTKyGhA85tA8Wo7uQ1N3NmfkDP7BQKs0z+cCQcTN\napQqzS2Woot9EsDzELENiHKLCQusPmd5vB4Y+W0CgYA+oNJDNEZL7V5L6NE0m/gV\nmFS4CUZl1+Ajx4+F4iyZd6aEwXCI+lGtT552tuWJ6rxQlp26ogd4MO01W2RZmvqP\n2/CscirofF+uGTLK0eCGQNrXRspbaA5ez0FNxBoueASQHMlc9ygEVSy4byLSCmHs\nWhmaQCzQRLtjtYpSypBIewKBgQCLGxUeTTrDNwjDr0ECmZlcVoRxYgglJXZm0Sdb\n189hQpqT6oadR9yDtNriVgltksabUyGMprPz0HnlUu/Nf43pwBXLgSuPYKp/o08c\nFFsPo42Mn4nSEPagpSymiCl8xApLcwNrzKrrUiaTOpPAsaxxlv27iPAib9HIREMm\nGvKpLQKBgFVYGEOP/IkWUhutOnNtaVkjSFAyCk2rra34hVFOZ+jFqBVDBmi3touC\njSMkElR0qNsVSgAKoymRKUP/5D/I0lVjJ3JdWuzdyp0OuxVNhKOjnk6weOVcM7Ty\nqH7a+OHU0RaKUvioiGJhyNlb4w+P2WAOoAJ7FPxQVKMN5/gXBsy/\n-----END RSA PRIVATE KEY-----\n",
            "result": "[INFO]  Using v1.21.11+k3s1 as release\n[INFO]  Downloading hash https://github.com/k3s-io/k3s/releases/download/v1.21.11+k3s1/sha256sum-amd64.txt\n[INFO]  Downloading binary https://github.com/k3s-io/k3s/releases/download/v1.21.11+k3s1/k3s\n[INFO]  Verifying binary download\n[INFO]  Installing k3s to /usr/local/bin/k3s\n[INFO]  Skipping installation of SELinux RPM\n[INFO]  Creating /usr/local/bin/kubectl symlink to k3s\n[INFO]  Creating /usr/local/bin/crictl symlink to k3s\n[INFO]  Creating /usr/local/bin/ctr symlink to k3s\n[INFO]  Creating killall script /usr/local/bin/k3s-killall.sh\n[INFO]  Creating uninstall script /usr/local/bin/k3s-uninstall.sh\n[INFO]  env: Creating environment file /etc/systemd/system/k3s.service.env\n[INFO]  systemd: Creating service file /etc/systemd/system/k3s.service\n[INFO]  systemd: Enabling k3s unit\n[INFO]  systemd: Starting k3s\n",
            "timeout": "5m",
            "triggers": null,
            "user": "gcpuser"
          },
          "sensitive_attributes": [
            [
              {
                "type": "get_attr",
                "value": "private_key"
              }
            ]
          ],
          "private": "bnVsbA==",
          "dependencies": [
            "data.google_compute_image.sles",
            "google_compute_address.rancher_server_address",
            "google_compute_firewall.rancher_fw_allowall",
            "google_compute_instance.rancher_server",
            "tls_private_key.global_key"
          ]
        }
      ]
    },
    {
      "module": "module.rancher_common",
      "mode": "managed",
      "type": "ssh_resource",
      "name": "retrieve_config",
      "provider": "provider[\"registry.terraform.io/loafoe/ssh\"]",
      "instances": [
        {
          "schema_version": 0,
          "attributes": {
            "agent": false,
            "bastion_host": null,
            "bastion_port": "22",
            "commands": [
              "sudo sed \"s/127.0.0.1/34.150.254.64/g\" /etc/rancher/k3s/k3s.yaml"
            ],
            "commands_after_file_changes": true,
            "file": [],
            "host": "34.150.254.64",
            "host_private_key": null,
            "host_user": null,
            "id": "8674665223082153551",
            "port": "22",
            "private_key": "-----BEGIN RSA PRIVATE KEY-----\nMIIEowIBAAKCAQEAwGfgXzosPLjwQje4a0DAz/3WHVcbIJ0WWZQb6x42ZEF/WCWY\nB4rriBN2vFGNMaxfTly8NCsk+m3DB/3z6xIsZX9oaUPhu3NVBA82oTIi7CIsvfAi\n/rdDKLfEIeD+iFMIKdNwWApRPvpWH9QYkBtfXwwk4QSa3+yLGL+L0p1UrymcTDNf\n9TpsSM4mrMGOwov6OBkH3AN45RjrYDYjUMrilDnN4Zc8Xeccc8SPQqr39S6QCgdp\nNnYVAp9ZmmPzwHP89RHqCodNYbEhlhdgC095gmVbbj7iPfW8K3PIjZrCzuGdYY6K\nqkjdbzRzucWOWZg/OkcsE5QlspdHSLnVASjxxwIDAQABAoIBAEtUoEFIamd/1Plo\nDXlYieUlMf6cyw8y0bxSw7eDRbJs/mnJlkNlvZ+yVyuWFlzbaxkoL7uRJNIzxUdM\nw4JGxEEc6AlGvYuBtUh4mF/2XDvtiWz4JwtpPw8jG9RT3fQL5kdR9EtUBslMhAnE\nJbXOMcHp5EqBXg3L9A3FeP4GAVDuoMrv9YiPNlROCBjXm7ipUMokzLFRGae0R/8k\n8uvapw51MkqkecZUP5GuamAkUCS50o6Wn239i8tOcncODc0ai/aGftTR2sUZwgcN\n3+Tg13ZDr3tMbp9LLNMkbyOGmF5mVu4qY4Kyh0wIAQ9oE6H/qzvonljOYNa4WJUp\n4jx7lckCgYEA5rsCJQVrDpK7pat72rc00qGkrjdh6uDJLhb8lNOVCqNzqmb4n5uI\nNGbOMqWV5KHmsOgSjbCBjNl+44dtvr3vB+EJ1aUvHGIIhrYsS6X2A7uSksgzflgC\n+hvVaubM/g9iZH8t6vfMAz2fZw0g0FcX4pXWalEfXTtxpsLLwFjsK4MCgYEA1Xpb\nf4N2V6PZxUnynoBSCrrI7UgbPA7EnO+zonR+ovtB3a5z06eaKTDzFrgX2zG9B12l\nqOx6qjaxcHtgO/E5yjdgIhdWYTKyGhA85tA8Wo7uQ1N3NmfkDP7BQKs0z+cCQcTN\napQqzS2Woot9EsDzELENiHKLCQusPmd5vB4Y+W0CgYA+oNJDNEZL7V5L6NE0m/gV\nmFS4CUZl1+Ajx4+F4iyZd6aEwXCI+lGtT552tuWJ6rxQlp26ogd4MO01W2RZmvqP\n2/CscirofF+uGTLK0eCGQNrXRspbaA5ez0FNxBoueASQHMlc9ygEVSy4byLSCmHs\nWhmaQCzQRLtjtYpSypBIewKBgQCLGxUeTTrDNwjDr0ECmZlcVoRxYgglJXZm0Sdb\n189hQpqT6oadR9yDtNriVgltksabUyGMprPz0HnlUu/Nf43pwBXLgSuPYKp/o08c\nFFsPo42Mn4nSEPagpSymiCl8xApLcwNrzKrrUiaTOpPAsaxxlv27iPAib9HIREMm\nGvKpLQKBgFVYGEOP/IkWUhutOnNtaVkjSFAyCk2rra34hVFOZ+jFqBVDBmi3touC\njSMkElR0qNsVSgAKoymRKUP/5D/I0lVjJ3JdWuzdyp0OuxVNhKOjnk6weOVcM7Ty\nqH7a+OHU0RaKUvioiGJhyNlb4w+P2WAOoAJ7FPxQVKMN5/gXBsy/\n-----END RSA PRIVATE KEY-----\n",
            "result": "apiVersion: v1\nclusters:\n- cluster:\n    certificate-authority-data: LS0tLS1CRUdJTiBDRVJUSUZJQ0FURS0tLS0tCk1JSUJlRENDQVIyZ0F3SUJBZ0lCQURBS0JnZ3Foa2pPUFFRREFqQWpNU0V3SHdZRFZRUUREQmhyTTNNdGMyVnkKZG1WeUxXTmhRREUyTlRVeU9UUTNOamt3SGhjTk1qSXdOakUxTVRJd05qQTVXaGNOTXpJd05qRXlNVEl3TmpBNQpXakFqTVNFd0h3WURWUVFEREJock0zTXRjMlZ5ZG1WeUxXTmhRREUyTlRVeU9UUTNOamt3V1RBVEJnY3Foa2pPClBRSUJCZ2dxaGtqT1BRTUJCd05DQUFSYUp1VjRjMGhGM3d5Skx0My9QVlNpZ294cS9acnRKaWVxUkdteXl0eFYKMzhKd0RFMnpOVGhxNkMrVjRjVlZ1QnVFMHRkb2NnU1lrN2N6dlJQY2lWRnFvMEl3UURBT0JnTlZIUThCQWY4RQpCQU1DQXFRd0R3WURWUjBUQVFIL0JBVXdBd0VCL3pBZEJnTlZIUTRFRmdRVVl0dmd2N2w1K3FIVitHc2xpQmJuCnhBbkU4cFl3Q2dZSUtvWkl6ajBFQXdJRFNRQXdSZ0loQU95Zjk0UE85WEhXbFIvQkVxOXJVU0JBK2FITVNrelcKMm1CK3hBbHQ3M0Z6QWlFQW03TWZZSHRWRWVMTW5ENFN0L0tHSG9GMExxV1F0T0pkWDZ3a1ZyTzhlWGs9Ci0tLS0tRU5EIENFUlRJRklDQVRFLS0tLS0K\n    server: https://34.150.254.64:6443\n  name: default\ncontexts:\n- context:\n    cluster: default\n    user: default\n  name: default\ncurrent-context: default\nkind: Config\npreferences: {}\nusers:\n- name: default\n  user:\n    client-certificate-data: LS0tLS1CRUdJTiBDRVJUSUZJQ0FURS0tLS0tCk1JSUJrVENDQVRlZ0F3SUJBZ0lJZFpLNHhMMDBzaW93Q2dZSUtvWkl6ajBFQXdJd0l6RWhNQjhHQTFVRUF3d1kKYXpOekxXTnNhV1Z1ZEMxallVQXhOalUxTWprME56WTVNQjRYRFRJeU1EWXhOVEV5TURZd09Wb1hEVEl6TURZeApOVEV5TURZd09Wb3dNREVYTUJVR0ExVUVDaE1PYzNsemRHVnRPbTFoYzNSbGNuTXhGVEFUQmdOVkJBTVRESE41CmMzUmxiVHBoWkcxcGJqQlpNQk1HQnlxR1NNNDlBZ0VHQ0NxR1NNNDlBd0VIQTBJQUJQRElKSGZNVThod1lCczMKL1J4S3JwMmlidEN4Qkk3dDB5WlBaQmdaKzloTExOaitWQkZnWG9rSkpSalo5L0w2L0RXMnhKc2JaWlNFOWlXegpvT2h1cDYralNEQkdNQTRHQTFVZER3RUIvd1FFQXdJRm9EQVRCZ05WSFNVRUREQUtCZ2dyQmdFRkJRY0RBakFmCkJnTlZIU01FR0RBV2dCUklndUhQWWFHVWVpY3lZcEZSMzlxL3grR0pNVEFLQmdncWhrak9QUVFEQWdOSUFEQkYKQWlFQXlvbUZVVmtXWkp0bnlqYWtsVnlYZ2t4T2pneDNnejlxQkJjcVNYdURjVmNDSUU4WnVyVmw2dGJsOGs0TgpPOWw0U2M0RTNmNzlPUkU3bCtTZWJFeTM4a2E0Ci0tLS0tRU5EIENFUlRJRklDQVRFLS0tLS0KLS0tLS1CRUdJTiBDRVJUSUZJQ0FURS0tLS0tCk1JSUJkakNDQVIyZ0F3SUJBZ0lCQURBS0JnZ3Foa2pPUFFRREFqQWpNU0V3SHdZRFZRUUREQmhyTTNNdFkyeHAKWlc1MExXTmhRREUyTlRVeU9UUTNOamt3SGhjTk1qSXdOakUxTVRJd05qQTVXaGNOTXpJd05qRXlNVEl3TmpBNQpXakFqTVNFd0h3WURWUVFEREJock0zTXRZMnhwWlc1MExXTmhRREUyTlRVeU9UUTNOamt3V1RBVEJnY3Foa2pPClBRSUJCZ2dxaGtqT1BRTUJCd05DQUFSOHdSM0x0cGJMV2p3R2RLR3ZwVnRTc3Q1Uk9lb1NmbmdxYk85WThUQWgKOXl1U3pyYnpzeGY5b010WGdrOUhoQ3N0L0svVEFDZlA4MHBmR3BTeWNBaThvMEl3UURBT0JnTlZIUThCQWY4RQpCQU1DQXFRd0R3WURWUjBUQVFIL0JBVXdBd0VCL3pBZEJnTlZIUTRFRmdRVVNJTGh6MkdobEhvbk1tS1JVZC9hCnY4ZmhpVEV3Q2dZSUtvWkl6ajBFQXdJRFJ3QXdSQUlnVzBLc1FHR3l0em1laTBNdUpXQlNSakx3OWFmdG8yRXIKUWdaQnZmdXBHNVVDSUVMTldXUk5Qb2dBUTZ5ZmwwY0tCKzhaUmxuZUV3M3o2ZFBuK2FUd1RWWjAKLS0tLS1FTkQgQ0VSVElGSUNBVEUtLS0tLQo=\n    client-key-data: LS0tLS1CRUdJTiBFQyBQUklWQVRFIEtFWS0tLS0tCk1IY0NBUUVFSUFRQzZLSUlQdmYzS1Y1cFVIVE93SllnV1NMYVEvRlBhRUFKMnBYVUFzenZvQW9HQ0NxR1NNNDkKQXdFSG9VUURRZ0FFOE1na2Q4eFR5SEJnR3pmOUhFcXVuYUp1MExFRWp1M1RKazlrR0JuNzJFc3MyUDVVRVdCZQppUWtsR05uMzh2cjhOYmJFbXh0bGxJVDJKYk9nNkc2bnJ3PT0KLS0tLS1FTkQgRUMgUFJJVkFURSBLRVktLS0tLQo=\n",
            "timeout": "5m",
            "triggers": null,
            "user": "gcpuser"
          },
          "sensitive_attributes": [
            [
              {
                "type": "get_attr",
                "value": "private_key"
              }
            ]
          ],
          "private": "bnVsbA==",
          "dependencies": [
            "data.google_compute_image.sles",
            "google_compute_address.rancher_server_address",
            "google_compute_firewall.rancher_fw_allowall",
            "google_compute_instance.rancher_server",
            "module.rancher_common.ssh_resource.install_k3s",
            "tls_private_key.global_key"
          ]
        }
      ]
    }
  ]
}
