{
  "version": 4,
  "terraform_version": "1.2.2",
  "serial": 71,
  "lineage": "46d59493-3a15-34b9-94e9-3d74fba229db",
  "outputs": {
    "rancher_node_ip": {
      "value": "34.85.144.225",
      "type": "string"
    },
    "rancher_server_url": {
      "value": "https://rancher.34.85.144.225.sslip.io",
      "type": "string"
    },
    "workload_node_ip": {
      "value": "34.150.254.64",
      "type": "string"
    }
  },
  "resources": [
    {
      "mode": "data",
      "type": "google_compute_image",
      "name": "sles",
      "provider": "provider[\"registry.terraform.io/hashicorp/google\"]",
      "instances": [
        {
          "schema_version": 0,
          "attributes": {
            "archive_size_bytes": 1558792128,
            "creation_timestamp": "2022-05-24T01:01:11.696-07:00",
            "description": "SUSE, SUSE Linux Enterprise Server 15 SP3, x86_64, built on 20220524, supports Shielded VM features",
            "disk_size_gb": 10,
            "family": "sles-15",
            "filter": null,
            "id": "projects/suse-cloud/global/images/sles-15-sp3-v20220524-x86-64",
            "image_encryption_key_sha256": "",
            "image_id": "7753831344548949544",
            "label_fingerprint": "42WmSpB8rSM=",
            "labels": {},
            "licenses": [
              "https://www.googleapis.com/compute/v1/projects/suse-cloud/global/licenses/sles-15"
            ],
            "name": "sles-15-sp3-v20220524-x86-64",
            "project": "suse-cloud",
            "self_link": "https://www.googleapis.com/compute/v1/projects/suse-cloud/global/images/sles-15-sp3-v20220524-x86-64",
            "source_disk": "",
            "source_disk_encryption_key_sha256": "",
            "source_disk_id": "",
            "source_image_id": "",
            "status": "READY"
          },
          "sensitive_attributes": []
        }
      ]
    },
    {
      "mode": "managed",
      "type": "google_compute_address",
      "name": "quickstart_node_address",
      "provider": "provider[\"registry.terraform.io/hashicorp/google\"]",
      "instances": [
        {
          "schema_version": 0,
          "attributes": {
            "address": "34.150.254.64",
            "address_type": "EXTERNAL",
            "creation_timestamp": "2022-06-15T07:47:10.506-07:00",
            "description": "",
            "id": "projects/concise-kayak-352018/regions/us-east4/addresses/quickstart-node-ipv4-address",
            "name": "quickstart-node-ipv4-address",
            "network": "",
            "network_tier": "PREMIUM",
            "prefix_length": 0,
            "project": "concise-kayak-352018",
            "purpose": "",
            "region": "us-east4",
            "self_link": "https://www.googleapis.com/compute/v1/projects/concise-kayak-352018/regions/us-east4/addresses/quickstart-node-ipv4-address",
            "subnetwork": "",
            "timeouts": null,
            "users": []
          },
          "sensitive_attributes": [],
          "private": "eyJlMmJmYjczMC1lY2FhLTExZTYtOGY4OC0zNDM2M2JjN2M0YzAiOnsiY3JlYXRlIjoxMjAwMDAwMDAwMDAwLCJkZWxldGUiOjEyMDAwMDAwMDAwMDB9fQ=="
        }
      ]
    },
    {
      "mode": "managed",
      "type": "google_compute_address",
      "name": "rancher_server_address",
      "provider": "provider[\"registry.terraform.io/hashicorp/google\"]",
      "instances": [
        {
          "schema_version": 0,
          "attributes": {
            "address": "34.85.144.225",
            "address_type": "EXTERNAL",
            "creation_timestamp": "2022-06-15T07:47:10.491-07:00",
            "description": "",
            "id": "projects/concise-kayak-352018/regions/us-east4/addresses/rancher-server-ipv4-address",
            "name": "rancher-server-ipv4-address",
            "network": "",
            "network_tier": "PREMIUM",
            "prefix_length": 0,
            "project": "concise-kayak-352018",
            "purpose": "",
            "region": "us-east4",
            "self_link": "https://www.googleapis.com/compute/v1/projects/concise-kayak-352018/regions/us-east4/addresses/rancher-server-ipv4-address",
            "subnetwork": "",
            "timeouts": null,
            "users": []
          },
          "sensitive_attributes": [],
          "private": "eyJlMmJmYjczMC1lY2FhLTExZTYtOGY4OC0zNDM2M2JjN2M0YzAiOnsiY3JlYXRlIjoxMjAwMDAwMDAwMDAwLCJkZWxldGUiOjEyMDAwMDAwMDAwMDB9fQ=="
        }
      ]
    },
    {
      "mode": "managed",
      "type": "google_compute_firewall",
      "name": "rancher_fw_allowall",
      "provider": "provider[\"registry.terraform.io/hashicorp/google\"]",
      "instances": [
        {
          "schema_version": 1,
          "attributes": {
            "allow": [
              {
                "ports": [],
                "protocol": "all"
              }
            ],
            "creation_timestamp": "2022-06-15T07:47:10.396-07:00",
            "deny": [],
            "description": "",
            "destination_ranges": [],
            "direction": "INGRESS",
            "disabled": false,
            "enable_logging": null,
            "id": "projects/concise-kayak-352018/global/firewalls/quickstart-rancher-allowall",
            "log_config": [],
            "name": "quickstart-rancher-allowall",
            "network": "https://www.googleapis.com/compute/v1/projects/concise-kayak-352018/global/networks/default",
            "priority": 1000,
            "project": "concise-kayak-352018",
            "self_link": "https://www.googleapis.com/compute/v1/projects/concise-kayak-352018/global/firewalls/quickstart-rancher-allowall",
            "source_ranges": [
              "0.0.0.0/0"
            ],
            "source_service_accounts": null,
            "source_tags": null,
            "target_service_accounts": null,
            "target_tags": null,
            "timeouts": null
          },
          "sensitive_attributes": [],
          "private": "eyJlMmJmYjczMC1lY2FhLTExZTYtOGY4OC0zNDM2M2JjN2M0YzAiOnsiY3JlYXRlIjoxMjAwMDAwMDAwMDAwLCJkZWxldGUiOjEyMDAwMDAwMDAwMDAsInVwZGF0ZSI6MTIwMDAwMDAwMDAwMH0sInNjaGVtYV92ZXJzaW9uIjoiMSJ9"
        }
      ]
    },
    {
      "mode": "managed",
      "type": "google_compute_instance",
      "name": "quickstart_node",
      "provider": "provider[\"registry.terraform.io/hashicorp/google\"]",
      "instances": [
        {
          "schema_version": 6,
          "attributes": {
            "advanced_machine_features": [],
            "allow_stopping_for_update": null,
            "attached_disk": [],
            "boot_disk": [
              {
                "auto_delete": true,
                "device_name": "persistent-disk-0",
                "disk_encryption_key_raw": "",
                "disk_encryption_key_sha256": "",
                "initialize_params": [
                  {
                    "image": "https://www.googleapis.com/compute/v1/projects/suse-cloud/global/images/sles-15-sp3-v20220524-x86-64",
                    "labels": {},
                    "size": 10,
                    "type": "pd-standard"
                  }
                ],
                "kms_key_self_link": "",
                "mode": "READ_WRITE",
                "source": "https://www.googleapis.com/compute/v1/projects/concise-kayak-352018/zones/us-east4-c/disks/quickstart-quickstart-node"
              }
            ],
            "can_ip_forward": false,
            "confidential_instance_config": [],
            "cpu_platform": "Intel Broadwell",
            "current_status": "RUNNING",
            "deletion_protection": false,
            "description": "",
            "desired_status": null,
            "enable_display": false,
            "guest_accelerator": [],
            "hostname": "",
            "id": "projects/concise-kayak-352018/zones/us-east4-c/instances/quickstart-quickstart-node",
            "instance_id": "292453272755915979",
            "label_fingerprint": "42WmSpB8rSM=",
            "labels": null,
            "machine_type": "n1-standard-2",
            "metadata": {
              "enable-oslogin": "FALSE",
              "ssh-keys": "gcpuser:ssh-rsa AAAAB3NzaC1yc2EAAAADAQABAAABAQDiMjmsUqlhH1pNzXotEGV+STuz7sMDshB0Ay3cCMBmwvstd288LEJ6dGCb1zQDtHr4xtM+1eJLszhSwvNcZJ+GFnd6VJ4V9+vGHqq0N3yNPlcpQdnxwNxxKtyVc6N2yhcfWTqs/GoOH/oJjZy245yjUj8w2/o9Q0oEPoaLj0vw3CT+9snvWP2x1djcwMMojjEQnJdr6xSdBNzwo76SrYvcA+yEkYDXnTbQG7Q2pw7u0ufOY0BFCugu4ynmWpEJ6X74TUayyBf49gOBiGnaYqsvRx/GgyNAExkBg3/TFpxc7AzJ6KFi3cSOggjwQD6fDUBxRXSJxATWanCTBtwbeBGl\n"
            },
            "metadata_fingerprint": "zzD--aSjjJA=",
            "metadata_startup_script": "#!/bin/bash -x\n\nif docker ps; then\n    exit 0\nfi\n\nsystemctl enable docker\nsystemctl start docker\n\nprivateIP=$(curl -H 'Metadata-Flavor: Google' http://metadata.google.internal/computeMetadata/v1/instance/network-interfaces/0/ip)\n\nsudo docker run -d --privileged --restart=unless-stopped --net=host -v /etc/kubernetes:/etc/kubernetes -v /var/run:/var/run  rancher/rancher-agent:v2.6.4 --server https://rancher.34.85.144.225.sslip.io --token dj94pm7jtwgcvl4zhlxb54rpkwz5hn6rzxrzgzvp6qn6xcxtzc996f --ca-checksum c2d83f67ef21e54211624d29b352e8fb13b42a391c79c64f97dd8a56f3857822 --address 34.150.254.64 --internal-address $privateIP --etcd --controlplane --worker\n",
            "min_cpu_platform": "",
            "name": "quickstart-quickstart-node",
            "network_interface": [
              {
                "access_config": [
                  {
                    "nat_ip": "34.150.254.64",
                    "network_tier": "PREMIUM",
                    "public_ptr_domain_name": ""
                  }
                ],
                "alias_ip_range": [],
                "ipv6_access_config": [],
                "ipv6_access_type": "",
                "name": "nic0",
                "network": "https://www.googleapis.com/compute/v1/projects/concise-kayak-352018/global/networks/default",
                "network_ip": "10.150.0.5",
                "nic_type": "",
                "queue_count": 0,
                "stack_type": "IPV4_ONLY",
                "subnetwork": "https://www.googleapis.com/compute/v1/projects/concise-kayak-352018/regions/us-east4/subnetworks/default",
                "subnetwork_project": "concise-kayak-352018"
              }
            ],
            "project": "concise-kayak-352018",
            "reservation_affinity": [],
            "resource_policies": null,
            "scheduling": [
              {
                "automatic_restart": true,
                "min_node_cpus": 0,
                "node_affinities": [],
                "on_host_maintenance": "MIGRATE",
                "preemptible": false
              }
            ],
            "scratch_disk": [],
            "self_link": "https://www.googleapis.com/compute/v1/projects/concise-kayak-352018/zones/us-east4-c/instances/quickstart-quickstart-node",
            "service_account": [],
            "shielded_instance_config": [
              {
                "enable_integrity_monitoring": true,
                "enable_secure_boot": false,
                "enable_vtpm": true
              }
            ],
            "tags": null,
            "tags_fingerprint": "42WmSpB8rSM=",
            "timeouts": null,
            "zone": "us-east4-c"
          },
          "sensitive_attributes": [],
          "private": "eyJlMmJmYjczMC1lY2FhLTExZTYtOGY4OC0zNDM2M2JjN2M0YzAiOnsiY3JlYXRlIjoxMjAwMDAwMDAwMDAwLCJkZWxldGUiOjEyMDAwMDAwMDAwMDAsInVwZGF0ZSI6MTIwMDAwMDAwMDAwMH0sInNjaGVtYV92ZXJzaW9uIjoiNiJ9",
          "dependencies": [
            "data.google_compute_image.sles",
            "google_compute_address.quickstart_node_address",
            "google_compute_address.rancher_server_address",
            "google_compute_firewall.rancher_fw_allowall",
            "google_compute_instance.rancher_server",
            "module.rancher_common.helm_release.cert_manager",
            "module.rancher_common.helm_release.rancher_server",
            "module.rancher_common.local_file.kube_config_server_yaml",
            "module.rancher_common.rancher2_bootstrap.admin",
            "module.rancher_common.rancher2_cluster.quickstart_workload",
            "module.rancher_common.ssh_resource.install_k3s",
            "module.rancher_common.ssh_resource.retrieve_config",
            "tls_private_key.global_key"
          ]
        }
      ]
    },
    {
      "mode": "managed",
      "type": "google_compute_instance",
      "name": "rancher_server",
      "provider": "provider[\"registry.terraform.io/hashicorp/google\"]",
      "instances": [
        {
          "schema_version": 6,
          "attributes": {
            "advanced_machine_features": [],
            "allow_stopping_for_update": null,
            "attached_disk": [],
            "boot_disk": [
              {
                "auto_delete": true,
                "device_name": "persistent-disk-0",
                "disk_encryption_key_raw": "",
                "disk_encryption_key_sha256": "",
                "initialize_params": [
                  {
                    "image": "https://www.googleapis.com/compute/v1/projects/suse-cloud/global/images/sles-15-sp3-v20220524-x86-64",
                    "labels": {},
                    "size": 10,
                    "type": "pd-standard"
                  }
                ],
                "kms_key_self_link": "",
                "mode": "READ_WRITE",
                "source": "https://www.googleapis.com/compute/v1/projects/concise-kayak-352018/zones/us-east4-c/disks/quickstart-rancher-server"
              }
            ],
            "can_ip_forward": false,
            "confidential_instance_config": [],
            "cpu_platform": "Intel Broadwell",
            "current_status": "RUNNING",
            "deletion_protection": false,
            "description": "",
            "desired_status": null,
            "enable_display": false,
            "guest_accelerator": [],
            "hostname": "",
            "id": "projects/concise-kayak-352018/zones/us-east4-c/instances/quickstart-rancher-server",
            "instance_id": "9151211495605161491",
            "label_fingerprint": "42WmSpB8rSM=",
            "labels": null,
            "machine_type": "n1-standard-2",
            "metadata": {
              "enable-oslogin": "FALSE",
              "ssh-keys": "gcpuser:ssh-rsa AAAAB3NzaC1yc2EAAAADAQABAAABAQDiMjmsUqlhH1pNzXotEGV+STuz7sMDshB0Ay3cCMBmwvstd288LEJ6dGCb1zQDtHr4xtM+1eJLszhSwvNcZJ+GFnd6VJ4V9+vGHqq0N3yNPlcpQdnxwNxxKtyVc6N2yhcfWTqs/GoOH/oJjZy245yjUj8w2/o9Q0oEPoaLj0vw3CT+9snvWP2x1djcwMMojjEQnJdr6xSdBNzwo76SrYvcA+yEkYDXnTbQG7Q2pw7u0ufOY0BFCugu4ynmWpEJ6X74TUayyBf49gOBiGnaYqsvRx/GgyNAExkBg3/TFpxc7AzJ6KFi3cSOggjwQD6fDUBxRXSJxATWanCTBtwbeBGl\n"
            },
            "metadata_fingerprint": "3XkZRfatWGI=",
            "metadata_startup_script": null,
            "min_cpu_platform": "",
            "name": "quickstart-rancher-server",
            "network_interface": [
              {
                "access_config": [
                  {
                    "nat_ip": "34.85.144.225",
                    "network_tier": "PREMIUM",
                    "public_ptr_domain_name": ""
                  }
                ],
                "alias_ip_range": [],
                "ipv6_access_config": [],
                "ipv6_access_type": "",
                "name": "nic0",
                "network": "https://www.googleapis.com/compute/v1/projects/concise-kayak-352018/global/networks/default",
                "network_ip": "10.150.0.4",
                "nic_type": "",
                "queue_count": 0,
                "stack_type": "IPV4_ONLY",
                "subnetwork": "https://www.googleapis.com/compute/v1/projects/concise-kayak-352018/regions/us-east4/subnetworks/default",
                "subnetwork_project": "concise-kayak-352018"
              }
            ],
            "project": "concise-kayak-352018",
            "reservation_affinity": [],
            "resource_policies": null,
            "scheduling": [
              {
                "automatic_restart": true,
                "min_node_cpus": 0,
                "node_affinities": [],
                "on_host_maintenance": "MIGRATE",
                "preemptible": false
              }
            ],
            "scratch_disk": [],
            "self_link": "https://www.googleapis.com/compute/v1/projects/concise-kayak-352018/zones/us-east4-c/instances/quickstart-rancher-server",
            "service_account": [],
            "shielded_instance_config": [
              {
                "enable_integrity_monitoring": true,
                "enable_secure_boot": false,
                "enable_vtpm": true
              }
            ],
            "tags": null,
            "tags_fingerprint": "42WmSpB8rSM=",
            "timeouts": null,
            "zone": "us-east4-c"
          },
          "sensitive_attributes": [],
          "private": "eyJlMmJmYjczMC1lY2FhLTExZTYtOGY4OC0zNDM2M2JjN2M0YzAiOnsiY3JlYXRlIjoxMjAwMDAwMDAwMDAwLCJkZWxldGUiOjEyMDAwMDAwMDAwMDAsInVwZGF0ZSI6MTIwMDAwMDAwMDAwMH0sInNjaGVtYV92ZXJzaW9uIjoiNiJ9",
          "dependencies": [
            "data.google_compute_image.sles",
            "google_compute_address.rancher_server_address",
            "google_compute_firewall.rancher_fw_allowall",
            "tls_private_key.global_key"
          ]
        }
      ]
    },
    {
      "mode": "managed",
      "type": "local_file",
      "name": "ssh_public_key_openssh",
      "provider": "provider[\"registry.terraform.io/hashicorp/local\"]",
      "instances": [
        {
          "schema_version": 0,
          "attributes": {
            "content": "ssh-rsa AAAAB3NzaC1yc2EAAAADAQABAAABAQDiMjmsUqlhH1pNzXotEGV+STuz7sMDshB0Ay3cCMBmwvstd288LEJ6dGCb1zQDtHr4xtM+1eJLszhSwvNcZJ+GFnd6VJ4V9+vGHqq0N3yNPlcpQdnxwNxxKtyVc6N2yhcfWTqs/GoOH/oJjZy245yjUj8w2/o9Q0oEPoaLj0vw3CT+9snvWP2x1djcwMMojjEQnJdr6xSdBNzwo76SrYvcA+yEkYDXnTbQG7Q2pw7u0ufOY0BFCugu4ynmWpEJ6X74TUayyBf49gOBiGnaYqsvRx/GgyNAExkBg3/TFpxc7AzJ6KFi3cSOggjwQD6fDUBxRXSJxATWanCTBtwbeBGl\n",
            "content_base64": null,
            "directory_permission": "0777",
            "file_permission": "0777",
            "filename": "./id_rsa.pub",
            "id": "0fad246a287194e81ed64ac70625ffdb8a498b1b",
            "sensitive_content": null,
            "source": null
          },
          "sensitive_attributes": [],
          "private": "bnVsbA==",
          "dependencies": [
            "tls_private_key.global_key"
          ]
        }
      ]
    },
    {
      "mode": "managed",
      "type": "local_sensitive_file",
      "name": "ssh_private_key_pem",
      "provider": "provider[\"registry.terraform.io/hashicorp/local\"]",
      "instances": [
        {
          "schema_version": 0,
          "attributes": {
            "content": "-----BEGIN RSA PRIVATE KEY-----\nMIIEpAIBAAKCAQEA4jI5rFKpYR9aTc16LRBlfkk7s+7DA7IQdAMt3AjAZsL7LXdv\nPCxCenRgm9c0A7R6+MbTPtXiS7M4UsLzXGSfhhZ3elSeFffrxh6qtDd8jT5XKUHZ\n8cDccSrclXOjdsoXH1k6rPxqDh/6CY2ctuOco1I/MNv6PUNKBD6Gi49L8Nwk/vbJ\n71j9sdXY3MDDKI4xEJyXa+sUnQTc8KO+kq2L3APshJGA15020Bu0NqcO7tLnzmNA\nRQroLuMp5lqRCel++E1GssgX+PYDgYhp2mKrL0cfxoMjQBMZAYN/0xacXOwMyeih\nYt3EjoII8EA+nw1AcUV0icQE1mpwkwbcG3gRpQIDAQABAoIBAQCzA+LnAaixh9m1\nN4iY/6ADeTv55F2MoDErT5TMzlRPP8MAMcTkD3cxaMdIruGoiP7Fwr1OvoFRPe62\neTmXBr/FpCQ8uZk/c62yZ3TcGgnF0u+yZD5zeRo9qhlXYmSdT8VK9xhb7YyVzzLY\nuq2rhKnkC+Sc64u5TnbWsxFShD8qx+J71fapE/86JR2PmScBHAc2yDViKqmdLTxS\n6Vbx8Yt6KBLU3x+EnuDNT6wfgX8bQJ1HY8IyEQReIL7oUpFpyx87wPRlI1E5Jmf2\n+bGJcdb/EhfQQ6w6xiUAd99bedi/Dl13TKs6tmQl9c4PIgmqXv5VxJfrRWdbAuu3\nVSuWCUKlAoGBAPrG6yx3mJGoWb0BaBTRRvOw69cQWyQIFju3/Ncfw+7hIaQKH6W1\nzMB6TJ8UUkr84iajo2t/HoDu9uHp+ozNB76+6v/1nOmSOZPqUOE5PuDJAxOA7Kt+\nbn2z6TMlqFTpLjuRzGUULnuAk/3r2q1wBeFzJDhqoIexjhXiXWb1dHanAoGBAObo\nP2hscNKNBQB+pT7d6MOOg2qJ7ZIzu/AJ7WbDjfcMVDL7zME+366OjCHvui0dwYwB\nKTNWS+0+TvXikuUi3PVLHe+VeOWjDBe1aky/tGoTJKrVmquq/Hzn890VoJo4KDp4\nP8KYlXouweco3Hld7zeaH305ZRxfYcrSsbSgIkrTAoGBAI6h8wKgpzM5WIkKssMc\nYMmb+BejYuM0gkjHFdTZaVyFydd+No/Ovj0/kjLsoP2rpYkqi3lJnPTidaL6rJnG\nx7/y4MBiVzP2Ci+aFxRytdOuIMTIEFReHcP7PwjrQznAQp55B5L6DpIKCKJkskTx\nMTcQgSphYxqqn1DNJii4NNyDAoGAJRuFtR5YMz3+Y8n2fFflJCgu7lwkFa7CsRyn\nTjB3DBCrJ1ZX3WZhRAgcdQe1f7KcfAdju6BOq12sCs/Sk4g6wiDEOtBmkWDWfKjm\n4Faeg7130wxowtXDpb8Q7aKgIKiNrnfMp1UmEHCbMK7cX5S88M6P6OvkV97sNFAP\nxttFJ4kCgYBOC4HgaVgTlksJPgAFN9tDcrbFC+AN32rTKm7xaGfTaaceqF5dV5SS\nusfpZ+Sf3pa92+QsT+NTVb6bMFemVUnrSZ6PUcr0AE5ReGHpTxRQYcRwGJmRB7E1\nle/3yAtekMxIn0IlcSw+05E0R3nf2APeO0qPj6LlXiEeHkf2Epe45Q==\n-----END RSA PRIVATE KEY-----\n",
            "content_base64": null,
            "directory_permission": "0700",
            "file_permission": "0600",
            "filename": "./id_rsa",
            "id": "1ce3875f86a3d9474d4b94087cb861a71f447d5f",
            "source": null
          },
          "sensitive_attributes": [
            [
              {
                "type": "get_attr",
                "value": "content"
              }
            ]
          ],
          "private": "bnVsbA==",
          "dependencies": [
            "tls_private_key.global_key"
          ]
        }
      ]
    },
    {
      "mode": "managed",
      "type": "tls_private_key",
      "name": "global_key",
      "provider": "provider[\"registry.terraform.io/hashicorp/tls\"]",
      "instances": [
        {
          "schema_version": 0,
          "attributes": {
            "algorithm": "RSA",
            "ecdsa_curve": "P224",
            "id": "dd3a54922d4c84a3ce99e45e5d9f805b0b682bde",
            "private_key_pem": "-----BEGIN RSA PRIVATE KEY-----\nMIIEpAIBAAKCAQEA4jI5rFKpYR9aTc16LRBlfkk7s+7DA7IQdAMt3AjAZsL7LXdv\nPCxCenRgm9c0A7R6+MbTPtXiS7M4UsLzXGSfhhZ3elSeFffrxh6qtDd8jT5XKUHZ\n8cDccSrclXOjdsoXH1k6rPxqDh/6CY2ctuOco1I/MNv6PUNKBD6Gi49L8Nwk/vbJ\n71j9sdXY3MDDKI4xEJyXa+sUnQTc8KO+kq2L3APshJGA15020Bu0NqcO7tLnzmNA\nRQroLuMp5lqRCel++E1GssgX+PYDgYhp2mKrL0cfxoMjQBMZAYN/0xacXOwMyeih\nYt3EjoII8EA+nw1AcUV0icQE1mpwkwbcG3gRpQIDAQABAoIBAQCzA+LnAaixh9m1\nN4iY/6ADeTv55F2MoDErT5TMzlRPP8MAMcTkD3cxaMdIruGoiP7Fwr1OvoFRPe62\neTmXBr/FpCQ8uZk/c62yZ3TcGgnF0u+yZD5zeRo9qhlXYmSdT8VK9xhb7YyVzzLY\nuq2rhKnkC+Sc64u5TnbWsxFShD8qx+J71fapE/86JR2PmScBHAc2yDViKqmdLTxS\n6Vbx8Yt6KBLU3x+EnuDNT6wfgX8bQJ1HY8IyEQReIL7oUpFpyx87wPRlI1E5Jmf2\n+bGJcdb/EhfQQ6w6xiUAd99bedi/Dl13TKs6tmQl9c4PIgmqXv5VxJfrRWdbAuu3\nVSuWCUKlAoGBAPrG6yx3mJGoWb0BaBTRRvOw69cQWyQIFju3/Ncfw+7hIaQKH6W1\nzMB6TJ8UUkr84iajo2t/HoDu9uHp+ozNB76+6v/1nOmSOZPqUOE5PuDJAxOA7Kt+\nbn2z6TMlqFTpLjuRzGUULnuAk/3r2q1wBeFzJDhqoIexjhXiXWb1dHanAoGBAObo\nP2hscNKNBQB+pT7d6MOOg2qJ7ZIzu/AJ7WbDjfcMVDL7zME+366OjCHvui0dwYwB\nKTNWS+0+TvXikuUi3PVLHe+VeOWjDBe1aky/tGoTJKrVmquq/Hzn890VoJo4KDp4\nP8KYlXouweco3Hld7zeaH305ZRxfYcrSsbSgIkrTAoGBAI6h8wKgpzM5WIkKssMc\nYMmb+BejYuM0gkjHFdTZaVyFydd+No/Ovj0/kjLsoP2rpYkqi3lJnPTidaL6rJnG\nx7/y4MBiVzP2Ci+aFxRytdOuIMTIEFReHcP7PwjrQznAQp55B5L6DpIKCKJkskTx\nMTcQgSphYxqqn1DNJii4NNyDAoGAJRuFtR5YMz3+Y8n2fFflJCgu7lwkFa7CsRyn\nTjB3DBCrJ1ZX3WZhRAgcdQe1f7KcfAdju6BOq12sCs/Sk4g6wiDEOtBmkWDWfKjm\n4Faeg7130wxowtXDpb8Q7aKgIKiNrnfMp1UmEHCbMK7cX5S88M6P6OvkV97sNFAP\nxttFJ4kCgYBOC4HgaVgTlksJPgAFN9tDcrbFC+AN32rTKm7xaGfTaaceqF5dV5SS\nusfpZ+Sf3pa92+QsT+NTVb6bMFemVUnrSZ6PUcr0AE5ReGHpTxRQYcRwGJmRB7E1\nle/3yAtekMxIn0IlcSw+05E0R3nf2APeO0qPj6LlXiEeHkf2Epe45Q==\n-----END RSA PRIVATE KEY-----\n",
            "public_key_fingerprint_md5": "06:fa:07:90:d4:f8:cd:20:64:44:39:f1:29:69:40:bf",
            "public_key_openssh": "ssh-rsa AAAAB3NzaC1yc2EAAAADAQABAAABAQDiMjmsUqlhH1pNzXotEGV+STuz7sMDshB0Ay3cCMBmwvstd288LEJ6dGCb1zQDtHr4xtM+1eJLszhSwvNcZJ+GFnd6VJ4V9+vGHqq0N3yNPlcpQdnxwNxxKtyVc6N2yhcfWTqs/GoOH/oJjZy245yjUj8w2/o9Q0oEPoaLj0vw3CT+9snvWP2x1djcwMMojjEQnJdr6xSdBNzwo76SrYvcA+yEkYDXnTbQG7Q2pw7u0ufOY0BFCugu4ynmWpEJ6X74TUayyBf49gOBiGnaYqsvRx/GgyNAExkBg3/TFpxc7AzJ6KFi3cSOggjwQD6fDUBxRXSJxATWanCTBtwbeBGl\n",
            "public_key_pem": "-----BEGIN PUBLIC KEY-----\nMIIBIjANBgkqhkiG9w0BAQEFAAOCAQ8AMIIBCgKCAQEA4jI5rFKpYR9aTc16LRBl\nfkk7s+7DA7IQdAMt3AjAZsL7LXdvPCxCenRgm9c0A7R6+MbTPtXiS7M4UsLzXGSf\nhhZ3elSeFffrxh6qtDd8jT5XKUHZ8cDccSrclXOjdsoXH1k6rPxqDh/6CY2ctuOc\no1I/MNv6PUNKBD6Gi49L8Nwk/vbJ71j9sdXY3MDDKI4xEJyXa+sUnQTc8KO+kq2L\n3APshJGA15020Bu0NqcO7tLnzmNARQroLuMp5lqRCel++E1GssgX+PYDgYhp2mKr\nL0cfxoMjQBMZAYN/0xacXOwMyeihYt3EjoII8EA+nw1AcUV0icQE1mpwkwbcG3gR\npQIDAQAB\n-----END PUBLIC KEY-----\n",
            "rsa_bits": 2048
          },
          "sensitive_attributes": [],
          "private": "bnVsbA=="
        }
      ]
    },
    {
      "module": "module.rancher_common",
      "mode": "managed",
      "type": "helm_release",
      "name": "cert_manager",
      "provider": "module.rancher_common.provider[\"registry.terraform.io/hashicorp/helm\"]",
      "instances": [
        {
          "schema_version": 0,
          "attributes": {
            "atomic": false,
            "chart": "https://charts.jetstack.io/charts/cert-manager-v1.7.1.tgz",
            "cleanup_on_fail": false,
            "create_namespace": true,
            "dependency_update": false,
            "description": null,
            "devel": null,
            "disable_crd_hooks": false,
            "disable_openapi_validation": false,
            "disable_webhooks": false,
            "force_update": false,
            "id": "cert-manager",
            "keyring": null,
            "lint": false,
            "manifest": null,
            "max_history": 0,
            "metadata": [
              {
                "app_version": "v1.7.1",
                "chart": "cert-manager",
                "name": "cert-manager",
                "namespace": "cert-manager",
                "revision": 1,
                "values": "{\"installCRDs\":true}",
                "version": "v1.7.1"
              }
            ],
            "name": "cert-manager",
            "namespace": "cert-manager",
            "postrender": [],
            "recreate_pods": false,
            "render_subchart_notes": true,
            "replace": false,
            "repository": null,
            "repository_ca_file": null,
            "repository_cert_file": null,
            "repository_key_file": null,
            "repository_password": null,
            "repository_username": null,
            "reset_values": false,
            "reuse_values": false,
            "set": [
              {
                "name": "installCRDs",
                "type": "",
                "value": "true"
              }
            ],
            "set_sensitive": [],
            "skip_crds": false,
            "status": "deployed",
            "timeout": 300,
            "values": null,
            "verify": false,
            "version": "v1.7.1",
            "wait": true,
            "wait_for_jobs": false
          },
          "sensitive_attributes": [],
          "private": "bnVsbA==",
          "dependencies": [
            "data.google_compute_image.sles",
            "google_compute_address.rancher_server_address",
            "google_compute_firewall.rancher_fw_allowall",
            "google_compute_instance.rancher_server",
            "module.rancher_common.local_file.kube_config_server_yaml",
            "module.rancher_common.ssh_resource.install_k3s",
            "module.rancher_common.ssh_resource.retrieve_config",
            "tls_private_key.global_key"
          ]
        }
      ]
    },
    {
      "module": "module.rancher_common",
      "mode": "managed",
      "type": "helm_release",
      "name": "rancher_server",
      "provider": "module.rancher_common.provider[\"registry.terraform.io/hashicorp/helm\"]",
      "instances": [
        {
          "schema_version": 0,
          "attributes": {
            "atomic": false,
            "chart": "https://releases.rancher.com/server-charts/latest/rancher-2.6.4.tgz",
            "cleanup_on_fail": false,
            "create_namespace": true,
            "dependency_update": false,
            "description": null,
            "devel": null,
            "disable_crd_hooks": false,
            "disable_openapi_validation": false,
            "disable_webhooks": false,
            "force_update": false,
            "id": "rancher",
            "keyring": null,
            "lint": false,
            "manifest": null,
            "max_history": 0,
            "metadata": [
              {
                "app_version": "v2.6.4",
                "chart": "rancher",
                "name": "rancher",
                "namespace": "cattle-system",
                "revision": 1,
                "values": "{\"bootstrapPassword\":\"admin\",\"hostname\":\"rancher.34.85.144.225.sslip.io\",\"replicas\":1}",
                "version": "2.6.4"
              }
            ],
            "name": "rancher",
            "namespace": "cattle-system",
            "postrender": [],
            "recreate_pods": false,
            "render_subchart_notes": true,
            "replace": false,
            "repository": null,
            "repository_ca_file": null,
            "repository_cert_file": null,
            "repository_key_file": null,
            "repository_password": null,
            "repository_username": null,
            "reset_values": false,
            "reuse_values": false,
            "set": [
              {
                "name": "bootstrapPassword",
                "type": "",
                "value": "admin"
              },
              {
                "name": "hostname",
                "type": "",
                "value": "rancher.34.85.144.225.sslip.io"
              },
              {
                "name": "replicas",
                "type": "",
                "value": "1"
              }
            ],
            "set_sensitive": [],
            "skip_crds": false,
            "status": "deployed",
            "timeout": 300,
            "values": null,
            "verify": false,
            "version": "2.6.4",
            "wait": true,
            "wait_for_jobs": false
          },
          "sensitive_attributes": [],
          "private": "bnVsbA==",
          "dependencies": [
            "data.google_compute_image.sles",
            "google_compute_address.rancher_server_address",
            "google_compute_firewall.rancher_fw_allowall",
            "google_compute_instance.rancher_server",
            "module.rancher_common.helm_release.cert_manager",
            "module.rancher_common.local_file.kube_config_server_yaml",
            "module.rancher_common.ssh_resource.install_k3s",
            "module.rancher_common.ssh_resource.retrieve_config",
            "tls_private_key.global_key"
          ]
        }
      ]
    },
    {
      "module": "module.rancher_common",
      "mode": "managed",
      "type": "local_file",
      "name": "kube_config_server_yaml",
      "provider": "provider[\"registry.terraform.io/hashicorp/local\"]",
      "instances": [
        {
          "schema_version": 0,
          "attributes": {
            "content": "apiVersion: v1\nclusters:\n- cluster:\n    certificate-authority-data: LS0tLS1CRUdJTiBDRVJUSUZJQ0FURS0tLS0tCk1JSUJkekNDQVIyZ0F3SUJBZ0lCQURBS0JnZ3Foa2pPUFFRREFqQWpNU0V3SHdZRFZRUUREQmhyTTNNdGMyVnkKZG1WeUxXTmhRREUyTlRVek1EUTBPVFF3SGhjTk1qSXdOakUxTVRRME9ERTBXaGNOTXpJd05qRXlNVFEwT0RFMApXakFqTVNFd0h3WURWUVFEREJock0zTXRjMlZ5ZG1WeUxXTmhRREUyTlRVek1EUTBPVFF3V1RBVEJnY3Foa2pPClBRSUJCZ2dxaGtqT1BRTUJCd05DQUFSOGNzcDlVVHFmSi9xY2JvalVLZUdjWlFpUnI4cHJoN3UzcDdvWnRVREUKclV3SWpkd0ZJY1JtZC9QblpwOVFxK3hnSUNHQkc2VWNhQ3ZqZXRaQjFMYUNvMEl3UURBT0JnTlZIUThCQWY4RQpCQU1DQXFRd0R3WURWUjBUQVFIL0JBVXdBd0VCL3pBZEJnTlZIUTRFRmdRVUZNWlloTnVoSEswTHUvMGFWcEowCmgvYUJqcWN3Q2dZSUtvWkl6ajBFQXdJRFNBQXdSUUloQU15VWR1V2JCRkFrZ1g2QWoxcVd1Y1NObXYrQ3NpWWkKY0RWRHFqc0dWUnpOQWlCZnpvSG1VK2s3aS9sTjNkd1hyR1J6RzlBTmFFbE9wVmJaUnBTNWIveHhJQT09Ci0tLS0tRU5EIENFUlRJRklDQVRFLS0tLS0K\n    server: https://34.85.144.225:6443\n  name: default\ncontexts:\n- context:\n    cluster: default\n    user: default\n  name: default\ncurrent-context: default\nkind: Config\npreferences: {}\nusers:\n- name: default\n  user:\n    client-certificate-data: LS0tLS1CRUdJTiBDRVJUSUZJQ0FURS0tLS0tCk1JSUJrRENDQVRlZ0F3SUJBZ0lJSHR4ZjVkN2duN3N3Q2dZSUtvWkl6ajBFQXdJd0l6RWhNQjhHQTFVRUF3d1kKYXpOekxXTnNhV1Z1ZEMxallVQXhOalUxTXpBME5EazBNQjRYRFRJeU1EWXhOVEUwTkRneE5Gb1hEVEl6TURZeApOVEUwTkRneE5Gb3dNREVYTUJVR0ExVUVDaE1PYzNsemRHVnRPbTFoYzNSbGNuTXhGVEFUQmdOVkJBTVRESE41CmMzUmxiVHBoWkcxcGJqQlpNQk1HQnlxR1NNNDlBZ0VHQ0NxR1NNNDlBd0VIQTBJQUJCRWdJUWxvaW45T1d6b2wKUVk2eUJaVW5DeHMzL1paLzdSbGpXSzBhc3Zpamx0SVV2NVlGOVVWUUlRQXZmLzBiNVJXeDQ0T3JyZ3Q0MGdIMAoxRjBTbXlxalNEQkdNQTRHQTFVZER3RUIvd1FFQXdJRm9EQVRCZ05WSFNVRUREQUtCZ2dyQmdFRkJRY0RBakFmCkJnTlZIU01FR0RBV2dCUXd2NjNVS0pqN0Z0a3JYTGtmcENUeDV0WXZXekFLQmdncWhrak9QUVFEQWdOSEFEQkUKQWlCWG81bHFuWm1SZm5mcHBxV3l5cTFxWUZWNitDNGZFV3E5MG5DT0lIbU1jZ0lnQ3hVd1JrQU51eDd0UFVqYwp3c2tpUnkwNkl1STV4b1prbW5ETnBnOXlWd009Ci0tLS0tRU5EIENFUlRJRklDQVRFLS0tLS0KLS0tLS1CRUdJTiBDRVJUSUZJQ0FURS0tLS0tCk1JSUJkekNDQVIyZ0F3SUJBZ0lCQURBS0JnZ3Foa2pPUFFRREFqQWpNU0V3SHdZRFZRUUREQmhyTTNNdFkyeHAKWlc1MExXTmhRREUyTlRVek1EUTBPVFF3SGhjTk1qSXdOakUxTVRRME9ERTBXaGNOTXpJd05qRXlNVFEwT0RFMApXakFqTVNFd0h3WURWUVFEREJock0zTXRZMnhwWlc1MExXTmhRREUyTlRVek1EUTBPVFF3V1RBVEJnY3Foa2pPClBRSUJCZ2dxaGtqT1BRTUJCd05DQUFUWm43NkRXdmx4OGl2RjRWMVVLSXc5U0N4UmR3SzVZMzR6K1FSaVU2YnAKZ3hJanI2bjI1Tml4RzdVMTU4Y2h2US9BRHVncSthVFN3RFRxNmRZVFNOSWJvMEl3UURBT0JnTlZIUThCQWY4RQpCQU1DQXFRd0R3WURWUjBUQVFIL0JBVXdBd0VCL3pBZEJnTlZIUTRFRmdRVU1MK3QxQ2lZK3hiWksxeTVINlFrCjhlYldMMXN3Q2dZSUtvWkl6ajBFQXdJRFNBQXdSUUlnZnpyMVpCd3o1NnN6VC8zNTlNdnIvb0plUjVrendWM2cKU0tXNVV2V3RrNEFDSVFENVgvRkY5ZWNqV3VNcEM1Y1pPYktvb214Y0lqYWk0OHJnMVova24vRGdlQT09Ci0tLS0tRU5EIENFUlRJRklDQVRFLS0tLS0K\n    client-key-data: LS0tLS1CRUdJTiBFQyBQUklWQVRFIEtFWS0tLS0tCk1IY0NBUUVFSUNOMWxJQXBWaURwYy9FdmpudHU4eFdWYlZiV2k3MjBZOFJTaDhyVzlKUkdvQW9HQ0NxR1NNNDkKQXdFSG9VUURRZ0FFRVNBaENXaUtmMDViT2lWQmpySUZsU2NMR3pmOWxuL3RHV05ZclJxeStLT1cwaFMvbGdYMQpSVkFoQUM5Ly9SdmxGYkhqZzZ1dUMzalNBZlRVWFJLYktnPT0KLS0tLS1FTkQgRUMgUFJJVkFURSBLRVktLS0tLQo=\n",
            "content_base64": null,
            "directory_permission": "0777",
            "file_permission": "0777",
            "filename": "./kube_config_server.yaml",
            "id": "d6fa6a2c899a09645bcfb045bdac8abf4d0a02bb",
            "sensitive_content": null,
            "source": null
          },
          "sensitive_attributes": [],
          "private": "bnVsbA==",
          "dependencies": [
            "data.google_compute_image.sles",
            "google_compute_address.rancher_server_address",
            "google_compute_firewall.rancher_fw_allowall",
            "google_compute_instance.rancher_server",
            "module.rancher_common.ssh_resource.install_k3s",
            "module.rancher_common.ssh_resource.retrieve_config",
            "tls_private_key.global_key"
          ]
        }
      ]
    },
    {
      "module": "module.rancher_common",
      "mode": "managed",
      "type": "local_file",
      "name": "kube_config_workload_yaml",
      "provider": "provider[\"registry.terraform.io/hashicorp/local\"]",
      "instances": [
        {
          "schema_version": 0,
          "attributes": {
            "content": "apiVersion: v1\nkind: Config\nclusters:\n- name: \"quickstart-gcp-custom\"\n  cluster:\n    server: \"https://rancher.34.85.144.225.sslip.io/k8s/clusters/c-dc7md\"\n    certificate-authority-data: \"LS0tLS1CRUdJTiBDRVJUSUZJQ0FURS0tLS0tCk1JSUJwakNDQ\\\n      VUyZ0F3SUJBZ0lCQURBS0JnZ3Foa2pPUFFRREFqQTdNUnd3R2dZRFZRUUtFeE5rZVc1aGJXbGoKY\\\n      kdsemRHVnVaWEl0YjNKbk1Sc3dHUVlEVlFRREV4SmtlVzVoYldsamJHbHpkR1Z1WlhJdFkyRXdIa\\\n      GNOTWpJdwpOakUxTVRRMU1USTFXaGNOTXpJd05qRXlNVFExTVRJMVdqQTdNUnd3R2dZRFZRUUtFe\\\n      E5rZVc1aGJXbGpiR2x6CmRHVnVaWEl0YjNKbk1Sc3dHUVlEVlFRREV4SmtlVzVoYldsamJHbHpkR\\\n      1Z1WlhJdFkyRXdXVEFUQmdjcWhrak8KUFFJQkJnZ3Foa2pPUFFNQkJ3TkNBQVRHZEx6WGFaVGJzQ\\\n      jRRUHA4VDhBWExTekdNRjZIdXE1Qk4rZkZhQ0IrTApPd0plSXVjcnlWODBSQ1JXNGM4VUsyY0taN\\\n      UhqS0k0R2VtZnNLeS9BY1pwQm8wSXdRREFPQmdOVkhROEJBZjhFCkJBTUNBcVF3RHdZRFZSMFRBU\\\n      UgvQkFVd0F3RUIvekFkQmdOVkhRNEVGZ1FVc3B5OTU3NUUweHZiamhkWE5maHUKdElyRUVkQXdDZ\\\n      1lJS29aSXpqMEVBd0lEUndBd1JBSWdibjd0QlFwc04xdWpCS2dOd0l2SlZxMDU3Y2RKWG9pTwpKM\\\n      Uthd3hVRXRIc0NJR01zcHhERmYwZzhvQlNFT1h5YnhvVzFZaVo1dDNPNVhNQmliTmZBVlpGbAotL\\\n      S0tLUVORCBDRVJUSUZJQ0FURS0tLS0t\"\n\nusers:\n- name: \"quickstart-gcp-custom\"\n  user:\n    token: \"kubeconfig-user-5hhdgscj86:cmtps76k4j2p77nbb95v586z2mqh9m7tg795tzlnwxb5sdwb6n7r4z\"\n\n\ncontexts:\n- name: \"quickstart-gcp-custom\"\n  context:\n    user: \"quickstart-gcp-custom\"\n    cluster: \"quickstart-gcp-custom\"\n\ncurrent-context: \"quickstart-gcp-custom\"\n",
            "content_base64": null,
            "directory_permission": "0777",
            "file_permission": "0777",
            "filename": "./kube_config_workload.yaml",
            "id": "3c0811cd1b9c361e6cd21992e4356978ca1df372",
            "sensitive_content": null,
            "source": null
          },
          "sensitive_attributes": [
            [
              {
                "type": "get_attr",
                "value": "content"
              }
            ]
          ],
          "private": "bnVsbA==",
          "dependencies": [
            "data.google_compute_image.sles",
            "google_compute_address.rancher_server_address",
            "google_compute_firewall.rancher_fw_allowall",
            "google_compute_instance.rancher_server",
            "module.rancher_common.helm_release.cert_manager",
            "module.rancher_common.helm_release.rancher_server",
            "module.rancher_common.local_file.kube_config_server_yaml",
            "module.rancher_common.rancher2_bootstrap.admin",
            "module.rancher_common.rancher2_cluster.quickstart_workload",
            "module.rancher_common.ssh_resource.install_k3s",
            "module.rancher_common.ssh_resource.retrieve_config",
            "tls_private_key.global_key"
          ]
        }
      ]
    },
    {
      "module": "module.rancher_common",
      "mode": "managed",
      "type": "rancher2_bootstrap",
      "name": "admin",
      "provider": "module.rancher_common.provider[\"registry.terraform.io/rancher/rancher2\"].bootstrap",
      "instances": [
        {
          "schema_version": 0,
          "attributes": {
            "current_password": "123456789abc",
            "id": "user-5hhdg",
            "initial_password": "admin",
            "password": "123456789abc",
            "telemetry": true,
            "temp_token": "",
            "temp_token_id": "",
            "token": "token-plng7:pzx42wr8bssb8f5qc5lcht8pwk6kpnlm2vm89slj4n7w2gvnqv9mg9",
            "token_id": "token-plng7",
            "token_ttl": 0,
            "token_update": false,
            "ui_default_landing": "ember",
            "url": "https://rancher.34.85.144.225.sslip.io",
            "user": "admin"
          },
          "sensitive_attributes": [],
          "private": "bnVsbA==",
          "dependencies": [
            "data.google_compute_image.sles",
            "google_compute_address.rancher_server_address",
            "google_compute_firewall.rancher_fw_allowall",
            "google_compute_instance.rancher_server",
            "module.rancher_common.helm_release.cert_manager",
            "module.rancher_common.helm_release.rancher_server",
            "module.rancher_common.local_file.kube_config_server_yaml",
            "module.rancher_common.ssh_resource.install_k3s",
            "module.rancher_common.ssh_resource.retrieve_config",
            "tls_private_key.global_key"
          ]
        }
      ]
    },
    {
      "module": "module.rancher_common",
      "mode": "managed",
      "type": "rancher2_cluster",
      "name": "quickstart_workload",
      "provider": "module.rancher_common.provider[\"registry.terraform.io/rancher/rancher2\"].admin",
      "instances": [
        {
          "schema_version": 1,
          "attributes": {
            "agent_env_vars": [],
            "aks_config": [],
            "aks_config_v2": [],
            "annotations": {
              "authz.management.cattle.io/creator-role-bindings": "{\"created\":[\"cluster-owner\"],\"required\":[\"cluster-owner\"]}"
            },
            "ca_cert": null,
            "cluster_auth_endpoint": [
              {
                "ca_certs": "",
                "enabled": false,
                "fqdn": ""
              }
            ],
            "cluster_monitoring_input": [],
            "cluster_registration_token": [
              {
                "annotations": {},
                "cluster_id": "c-dc7md",
                "command": "kubectl apply -f https://rancher.34.85.144.225.sslip.io/v3/import/dj94pm7jtwgcvl4zhlxb54rpkwz5hn6rzxrzgzvp6qn6xcxtzc996f_c-dc7md.yaml",
                "id": "c-dc7md:default-token",
                "insecure_command": "curl --insecure -sfL https://rancher.34.85.144.225.sslip.io/v3/import/dj94pm7jtwgcvl4zhlxb54rpkwz5hn6rzxrzgzvp6qn6xcxtzc996f_c-dc7md.yaml | kubectl apply -f -",
                "insecure_node_command": "",
                "insecure_windows_node_command": "",
                "labels": {},
                "manifest_url": "https://rancher.34.85.144.225.sslip.io/v3/import/dj94pm7jtwgcvl4zhlxb54rpkwz5hn6rzxrzgzvp6qn6xcxtzc996f_c-dc7md.yaml",
                "name": "default-token",
                "node_command": "sudo docker run -d --privileged --restart=unless-stopped --net=host -v /etc/kubernetes:/etc/kubernetes -v /var/run:/var/run  rancher/rancher-agent:v2.6.4 --server https://rancher.34.85.144.225.sslip.io --token dj94pm7jtwgcvl4zhlxb54rpkwz5hn6rzxrzgzvp6qn6xcxtzc996f --ca-checksum c2d83f67ef21e54211624d29b352e8fb13b42a391c79c64f97dd8a56f3857822",
                "token": "dj94pm7jtwgcvl4zhlxb54rpkwz5hn6rzxrzgzvp6qn6xcxtzc996f",
                "windows_node_command": "PowerShell -NoLogo -NonInteractive -Command \"\u0026 {docker run -v c:\\:c:\\host rancher/rancher-agent:v2.6.4 bootstrap --server https://rancher.34.85.144.225.sslip.io --token dj94pm7jtwgcvl4zhlxb54rpkwz5hn6rzxrzgzvp6qn6xcxtzc996f --ca-checksum c2d83f67ef21e54211624d29b352e8fb13b42a391c79c64f97dd8a56f3857822 | iex}\""
              }
            ],
            "cluster_template_answers": null,
            "cluster_template_id": null,
            "cluster_template_questions": null,
            "cluster_template_revision_id": null,
            "default_pod_security_policy_template_id": null,
            "default_project_id": "c-dc7md:p-tm77d",
            "description": "Custom workload cluster created by Rancher quickstart",
            "desired_agent_image": null,
            "desired_auth_image": null,
            "docker_root_dir": "/var/lib/docker",
            "driver": "",
            "eks_config": [],
            "eks_config_v2": null,
            "enable_cluster_alerting": false,
            "enable_cluster_istio": null,
            "enable_cluster_monitoring": false,
            "enable_network_policy": false,
            "fleet_workspace_name": "fleet-default",
            "gke_config": [],
            "gke_config_v2": [],
            "id": "c-dc7md",
            "istio_enabled": false,
            "k3s_config": [],
            "kube_config": "apiVersion: v1\nkind: Config\nclusters:\n- name: \"quickstart-gcp-custom\"\n  cluster:\n    server: \"https://rancher.34.85.144.225.sslip.io/k8s/clusters/c-dc7md\"\n    certificate-authority-data: \"LS0tLS1CRUdJTiBDRVJUSUZJQ0FURS0tLS0tCk1JSUJwakNDQ\\\n      VUyZ0F3SUJBZ0lCQURBS0JnZ3Foa2pPUFFRREFqQTdNUnd3R2dZRFZRUUtFeE5rZVc1aGJXbGoKY\\\n      kdsemRHVnVaWEl0YjNKbk1Sc3dHUVlEVlFRREV4SmtlVzVoYldsamJHbHpkR1Z1WlhJdFkyRXdIa\\\n      GNOTWpJdwpOakUxTVRRMU1USTFXaGNOTXpJd05qRXlNVFExTVRJMVdqQTdNUnd3R2dZRFZRUUtFe\\\n      E5rZVc1aGJXbGpiR2x6CmRHVnVaWEl0YjNKbk1Sc3dHUVlEVlFRREV4SmtlVzVoYldsamJHbHpkR\\\n      1Z1WlhJdFkyRXdXVEFUQmdjcWhrak8KUFFJQkJnZ3Foa2pPUFFNQkJ3TkNBQVRHZEx6WGFaVGJzQ\\\n      jRRUHA4VDhBWExTekdNRjZIdXE1Qk4rZkZhQ0IrTApPd0plSXVjcnlWODBSQ1JXNGM4VUsyY0taN\\\n      UhqS0k0R2VtZnNLeS9BY1pwQm8wSXdRREFPQmdOVkhROEJBZjhFCkJBTUNBcVF3RHdZRFZSMFRBU\\\n      UgvQkFVd0F3RUIvekFkQmdOVkhRNEVGZ1FVc3B5OTU3NUUweHZiamhkWE5maHUKdElyRUVkQXdDZ\\\n      1lJS29aSXpqMEVBd0lEUndBd1JBSWdibjd0QlFwc04xdWpCS2dOd0l2SlZxMDU3Y2RKWG9pTwpKM\\\n      Uthd3hVRXRIc0NJR01zcHhERmYwZzhvQlNFT1h5YnhvVzFZaVo1dDNPNVhNQmliTmZBVlpGbAotL\\\n      S0tLUVORCBDRVJUSUZJQ0FURS0tLS0t\"\n\nusers:\n- name: \"quickstart-gcp-custom\"\n  user:\n    token: \"kubeconfig-user-5hhdgscj86:cmtps76k4j2p77nbb95v586z2mqh9m7tg795tzlnwxb5sdwb6n7r4z\"\n\n\ncontexts:\n- name: \"quickstart-gcp-custom\"\n  context:\n    user: \"quickstart-gcp-custom\"\n    cluster: \"quickstart-gcp-custom\"\n\ncurrent-context: \"quickstart-gcp-custom\"\n",
            "labels": {
              "cattle.io/creator": "norman"
            },
            "name": "quickstart-gcp-custom",
            "oke_config": [],
            "rke2_config": [],
            "rke_config": [
              {
                "addon_job_timeout": 45,
                "addons": "",
                "addons_include": null,
                "authentication": [
                  {
                    "sans": [],
                    "strategy": "x509"
                  }
                ],
                "authorization": [
                  {
                    "mode": null,
                    "options": null
                  }
                ],
                "bastion_host": [
                  {
                    "address": "",
                    "port": "",
                    "ssh_agent_auth": false,
                    "ssh_key": "",
                    "ssh_key_path": "",
                    "user": ""
                  }
                ],
                "cloud_provider": [
                  {
                    "aws_cloud_provider": null,
                    "azure_cloud_provider": null,
                    "custom_cloud_provider": null,
                    "name": null,
                    "openstack_cloud_provider": null,
                    "vsphere_cloud_provider": null
                  }
                ],
                "dns": [],
                "enable_cri_dockerd": false,
                "ignore_docker_version": true,
                "ingress": [
                  {
                    "default_backend": true,
                    "dns_policy": "",
                    "extra_args": {},
                    "http_port": 0,
                    "https_port": 0,
                    "network_mode": "",
                    "node_selector": {},
                    "options": {},
                    "provider": "nginx",
                    "tolerations": [],
                    "update_strategy": []
                  }
                ],
                "kubernetes_version": "v1.23.6-rancher1-1",
                "monitoring": [
                  {
                    "node_selector": {},
                    "options": {},
                    "provider": "metrics-server",
                    "replicas": 1,
                    "tolerations": [],
                    "update_strategy": []
                  }
                ],
                "network": [
                  {
                    "calico_network_provider": [],
                    "canal_network_provider": [],
                    "flannel_network_provider": [],
                    "mtu": 0,
                    "options": {},
                    "plugin": "canal",
                    "tolerations": [],
                    "weave_network_provider": []
                  }
                ],
                "nodes": [],
                "prefix_path": "",
                "private_registries": [],
                "services": [
                  {
                    "etcd": [
                      {
                        "backup_config": [
                          {
                            "enabled": true,
                            "interval_hours": 12,
                            "retention": 6,
                            "s3_backup_config": [],
                            "safe_timestamp": false,
                            "timeout": 300
                          }
                        ],
                        "ca_cert": "",
                        "cert": "",
                        "creation": "12h",
                        "external_urls": [],
                        "extra_args": {
                          "election-timeout": "5000",
                          "heartbeat-interval": "500"
                        },
                        "extra_binds": [],
                        "extra_env": [],
                        "gid": 0,
                        "image": "",
                        "key": "",
                        "path": "",
                        "retention": "72h",
                        "snapshot": false,
                        "uid": 0
                      }
                    ],
                    "kube_api": [
                      {
                        "admission_configuration": {},
                        "always_pull_images": false,
                        "audit_log": [],
                        "event_rate_limit": [],
                        "extra_args": {},
                        "extra_binds": [],
                        "extra_env": [],
                        "image": "",
                        "pod_security_policy": false,
                        "secrets_encryption_config": [],
                        "service_cluster_ip_range": "",
                        "service_node_port_range": "30000-32767"
                      }
                    ],
                    "kube_controller": [
                      {
                        "cluster_cidr": null,
                        "extra_args": null,
                        "extra_binds": null,
                        "extra_env": null,
                        "image": null,
                        "service_cluster_ip_range": null
                      }
                    ],
                    "kubelet": [
                      {
                        "cluster_dns_server": "",
                        "cluster_domain": "",
                        "extra_args": {},
                        "extra_binds": [],
                        "extra_env": [],
                        "fail_swap_on": false,
                        "generate_serving_certificate": false,
                        "image": "",
                        "infra_container_image": ""
                      }
                    ],
                    "kubeproxy": [
                      {
                        "extra_args": null,
                        "extra_binds": null,
                        "extra_env": null,
                        "image": null
                      }
                    ],
                    "scheduler": [
                      {
                        "extra_args": null,
                        "extra_binds": null,
                        "extra_env": null,
                        "image": null
                      }
                    ]
                  }
                ],
                "ssh_agent_auth": false,
                "ssh_cert_path": "",
                "ssh_key_path": "",
                "upgrade_strategy": [
                  {
                    "drain": false,
                    "drain_input": [
                      {
                        "delete_local_data": false,
                        "force": false,
                        "grace_period": -1,
                        "ignore_daemon_sets": true,
                        "timeout": 120
                      }
                    ],
                    "max_unavailable_controlplane": "1",
                    "max_unavailable_worker": "10%"
                  }
                ],
                "win_prefix_path": ""
              }
            ],
            "scheduled_cluster_scan": null,
            "system_project_id": "c-dc7md:p-6pfj2",
            "timeouts": null,
            "windows_prefered_cluster": false
          },
          "sensitive_attributes": [],
          "private": "eyJlMmJmYjczMC1lY2FhLTExZTYtOGY4OC0zNDM2M2JjN2M0YzAiOnsiY3JlYXRlIjoxODAwMDAwMDAwMDAwLCJkZWxldGUiOjE4MDAwMDAwMDAwMDAsInVwZGF0ZSI6MTgwMDAwMDAwMDAwMH0sInNjaGVtYV92ZXJzaW9uIjoiMSJ9",
          "dependencies": [
            "data.google_compute_image.sles",
            "google_compute_address.rancher_server_address",
            "google_compute_firewall.rancher_fw_allowall",
            "google_compute_instance.rancher_server",
            "module.rancher_common.helm_release.cert_manager",
            "module.rancher_common.helm_release.rancher_server",
            "module.rancher_common.local_file.kube_config_server_yaml",
            "module.rancher_common.rancher2_bootstrap.admin",
            "module.rancher_common.ssh_resource.install_k3s",
            "module.rancher_common.ssh_resource.retrieve_config",
            "tls_private_key.global_key"
          ]
        }
      ]
    },
    {
      "module": "module.rancher_common",
      "mode": "managed",
      "type": "ssh_resource",
      "name": "install_k3s",
      "provider": "provider[\"registry.terraform.io/loafoe/ssh\"]",
      "instances": [
        {
          "schema_version": 0,
          "attributes": {
            "agent": false,
            "bastion_host": null,
            "bastion_port": "22",
            "commands": [
              "bash -c 'curl https://get.k3s.io | INSTALL_K3S_EXEC=\"server --node-external-ip 34.85.144.225 --node-ip 10.150.0.4\" INSTALL_K3S_VERSION=v1.23.6+k3s1 sh -'"
            ],
            "commands_after_file_changes": true,
            "file": [],
            "host": "34.85.144.225",
            "host_private_key": null,
            "host_user": null,
            "id": "5577006791947779410",
            "port": "22",
            "private_key": "-----BEGIN RSA PRIVATE KEY-----\nMIIEpAIBAAKCAQEA4jI5rFKpYR9aTc16LRBlfkk7s+7DA7IQdAMt3AjAZsL7LXdv\nPCxCenRgm9c0A7R6+MbTPtXiS7M4UsLzXGSfhhZ3elSeFffrxh6qtDd8jT5XKUHZ\n8cDccSrclXOjdsoXH1k6rPxqDh/6CY2ctuOco1I/MNv6PUNKBD6Gi49L8Nwk/vbJ\n71j9sdXY3MDDKI4xEJyXa+sUnQTc8KO+kq2L3APshJGA15020Bu0NqcO7tLnzmNA\nRQroLuMp5lqRCel++E1GssgX+PYDgYhp2mKrL0cfxoMjQBMZAYN/0xacXOwMyeih\nYt3EjoII8EA+nw1AcUV0icQE1mpwkwbcG3gRpQIDAQABAoIBAQCzA+LnAaixh9m1\nN4iY/6ADeTv55F2MoDErT5TMzlRPP8MAMcTkD3cxaMdIruGoiP7Fwr1OvoFRPe62\neTmXBr/FpCQ8uZk/c62yZ3TcGgnF0u+yZD5zeRo9qhlXYmSdT8VK9xhb7YyVzzLY\nuq2rhKnkC+Sc64u5TnbWsxFShD8qx+J71fapE/86JR2PmScBHAc2yDViKqmdLTxS\n6Vbx8Yt6KBLU3x+EnuDNT6wfgX8bQJ1HY8IyEQReIL7oUpFpyx87wPRlI1E5Jmf2\n+bGJcdb/EhfQQ6w6xiUAd99bedi/Dl13TKs6tmQl9c4PIgmqXv5VxJfrRWdbAuu3\nVSuWCUKlAoGBAPrG6yx3mJGoWb0BaBTRRvOw69cQWyQIFju3/Ncfw+7hIaQKH6W1\nzMB6TJ8UUkr84iajo2t/HoDu9uHp+ozNB76+6v/1nOmSOZPqUOE5PuDJAxOA7Kt+\nbn2z6TMlqFTpLjuRzGUULnuAk/3r2q1wBeFzJDhqoIexjhXiXWb1dHanAoGBAObo\nP2hscNKNBQB+pT7d6MOOg2qJ7ZIzu/AJ7WbDjfcMVDL7zME+366OjCHvui0dwYwB\nKTNWS+0+TvXikuUi3PVLHe+VeOWjDBe1aky/tGoTJKrVmquq/Hzn890VoJo4KDp4\nP8KYlXouweco3Hld7zeaH305ZRxfYcrSsbSgIkrTAoGBAI6h8wKgpzM5WIkKssMc\nYMmb+BejYuM0gkjHFdTZaVyFydd+No/Ovj0/kjLsoP2rpYkqi3lJnPTidaL6rJnG\nx7/y4MBiVzP2Ci+aFxRytdOuIMTIEFReHcP7PwjrQznAQp55B5L6DpIKCKJkskTx\nMTcQgSphYxqqn1DNJii4NNyDAoGAJRuFtR5YMz3+Y8n2fFflJCgu7lwkFa7CsRyn\nTjB3DBCrJ1ZX3WZhRAgcdQe1f7KcfAdju6BOq12sCs/Sk4g6wiDEOtBmkWDWfKjm\n4Faeg7130wxowtXDpb8Q7aKgIKiNrnfMp1UmEHCbMK7cX5S88M6P6OvkV97sNFAP\nxttFJ4kCgYBOC4HgaVgTlksJPgAFN9tDcrbFC+AN32rTKm7xaGfTaaceqF5dV5SS\nusfpZ+Sf3pa92+QsT+NTVb6bMFemVUnrSZ6PUcr0AE5ReGHpTxRQYcRwGJmRB7E1\nle/3yAtekMxIn0IlcSw+05E0R3nf2APeO0qPj6LlXiEeHkf2Epe45Q==\n-----END RSA PRIVATE KEY-----\n",
            "result": "[INFO]  Using v1.23.6+k3s1 as release\n[INFO]  Downloading hash https://github.com/k3s-io/k3s/releases/download/v1.23.6+k3s1/sha256sum-amd64.txt\n[INFO]  Downloading binary https://github.com/k3s-io/k3s/releases/download/v1.23.6+k3s1/k3s\n[INFO]  Verifying binary download\n[INFO]  Installing k3s to /usr/local/bin/k3s\n[INFO]  Skipping installation of SELinux RPM\n[INFO]  Creating /usr/local/bin/kubectl symlink to k3s\n[INFO]  Creating /usr/local/bin/crictl symlink to k3s\n[INFO]  Creating /usr/local/bin/ctr symlink to k3s\n[INFO]  Creating killall script /usr/local/bin/k3s-killall.sh\n[INFO]  Creating uninstall script /usr/local/bin/k3s-uninstall.sh\n[INFO]  env: Creating environment file /etc/systemd/system/k3s.service.env\n[INFO]  systemd: Creating service file /etc/systemd/system/k3s.service\n[INFO]  systemd: Enabling k3s unit\n[INFO]  systemd: Starting k3s\n",
            "timeout": "5m",
            "triggers": null,
            "user": "gcpuser"
          },
          "sensitive_attributes": [
            [
              {
                "type": "get_attr",
                "value": "private_key"
              }
            ]
          ],
          "private": "bnVsbA==",
          "dependencies": [
            "data.google_compute_image.sles",
            "google_compute_address.rancher_server_address",
            "google_compute_firewall.rancher_fw_allowall",
            "google_compute_instance.rancher_server",
            "tls_private_key.global_key"
          ]
        }
      ]
    },
    {
      "module": "module.rancher_common",
      "mode": "managed",
      "type": "ssh_resource",
      "name": "retrieve_config",
      "provider": "provider[\"registry.terraform.io/loafoe/ssh\"]",
      "instances": [
        {
          "schema_version": 0,
          "attributes": {
            "agent": false,
            "bastion_host": null,
            "bastion_port": "22",
            "commands": [
              "sudo sed \"s/127.0.0.1/34.85.144.225/g\" /etc/rancher/k3s/k3s.yaml"
            ],
            "commands_after_file_changes": true,
            "file": [],
            "host": "34.85.144.225",
            "host_private_key": null,
            "host_user": null,
            "id": "8674665223082153551",
            "port": "22",
            "private_key": "-----BEGIN RSA PRIVATE KEY-----\nMIIEpAIBAAKCAQEA4jI5rFKpYR9aTc16LRBlfkk7s+7DA7IQdAMt3AjAZsL7LXdv\nPCxCenRgm9c0A7R6+MbTPtXiS7M4UsLzXGSfhhZ3elSeFffrxh6qtDd8jT5XKUHZ\n8cDccSrclXOjdsoXH1k6rPxqDh/6CY2ctuOco1I/MNv6PUNKBD6Gi49L8Nwk/vbJ\n71j9sdXY3MDDKI4xEJyXa+sUnQTc8KO+kq2L3APshJGA15020Bu0NqcO7tLnzmNA\nRQroLuMp5lqRCel++E1GssgX+PYDgYhp2mKrL0cfxoMjQBMZAYN/0xacXOwMyeih\nYt3EjoII8EA+nw1AcUV0icQE1mpwkwbcG3gRpQIDAQABAoIBAQCzA+LnAaixh9m1\nN4iY/6ADeTv55F2MoDErT5TMzlRPP8MAMcTkD3cxaMdIruGoiP7Fwr1OvoFRPe62\neTmXBr/FpCQ8uZk/c62yZ3TcGgnF0u+yZD5zeRo9qhlXYmSdT8VK9xhb7YyVzzLY\nuq2rhKnkC+Sc64u5TnbWsxFShD8qx+J71fapE/86JR2PmScBHAc2yDViKqmdLTxS\n6Vbx8Yt6KBLU3x+EnuDNT6wfgX8bQJ1HY8IyEQReIL7oUpFpyx87wPRlI1E5Jmf2\n+bGJcdb/EhfQQ6w6xiUAd99bedi/Dl13TKs6tmQl9c4PIgmqXv5VxJfrRWdbAuu3\nVSuWCUKlAoGBAPrG6yx3mJGoWb0BaBTRRvOw69cQWyQIFju3/Ncfw+7hIaQKH6W1\nzMB6TJ8UUkr84iajo2t/HoDu9uHp+ozNB76+6v/1nOmSOZPqUOE5PuDJAxOA7Kt+\nbn2z6TMlqFTpLjuRzGUULnuAk/3r2q1wBeFzJDhqoIexjhXiXWb1dHanAoGBAObo\nP2hscNKNBQB+pT7d6MOOg2qJ7ZIzu/AJ7WbDjfcMVDL7zME+366OjCHvui0dwYwB\nKTNWS+0+TvXikuUi3PVLHe+VeOWjDBe1aky/tGoTJKrVmquq/Hzn890VoJo4KDp4\nP8KYlXouweco3Hld7zeaH305ZRxfYcrSsbSgIkrTAoGBAI6h8wKgpzM5WIkKssMc\nYMmb+BejYuM0gkjHFdTZaVyFydd+No/Ovj0/kjLsoP2rpYkqi3lJnPTidaL6rJnG\nx7/y4MBiVzP2Ci+aFxRytdOuIMTIEFReHcP7PwjrQznAQp55B5L6DpIKCKJkskTx\nMTcQgSphYxqqn1DNJii4NNyDAoGAJRuFtR5YMz3+Y8n2fFflJCgu7lwkFa7CsRyn\nTjB3DBCrJ1ZX3WZhRAgcdQe1f7KcfAdju6BOq12sCs/Sk4g6wiDEOtBmkWDWfKjm\n4Faeg7130wxowtXDpb8Q7aKgIKiNrnfMp1UmEHCbMK7cX5S88M6P6OvkV97sNFAP\nxttFJ4kCgYBOC4HgaVgTlksJPgAFN9tDcrbFC+AN32rTKm7xaGfTaaceqF5dV5SS\nusfpZ+Sf3pa92+QsT+NTVb6bMFemVUnrSZ6PUcr0AE5ReGHpTxRQYcRwGJmRB7E1\nle/3yAtekMxIn0IlcSw+05E0R3nf2APeO0qPj6LlXiEeHkf2Epe45Q==\n-----END RSA PRIVATE KEY-----\n",
            "result": "apiVersion: v1\nclusters:\n- cluster:\n    certificate-authority-data: LS0tLS1CRUdJTiBDRVJUSUZJQ0FURS0tLS0tCk1JSUJkekNDQVIyZ0F3SUJBZ0lCQURBS0JnZ3Foa2pPUFFRREFqQWpNU0V3SHdZRFZRUUREQmhyTTNNdGMyVnkKZG1WeUxXTmhRREUyTlRVek1EUTBPVFF3SGhjTk1qSXdOakUxTVRRME9ERTBXaGNOTXpJd05qRXlNVFEwT0RFMApXakFqTVNFd0h3WURWUVFEREJock0zTXRjMlZ5ZG1WeUxXTmhRREUyTlRVek1EUTBPVFF3V1RBVEJnY3Foa2pPClBRSUJCZ2dxaGtqT1BRTUJCd05DQUFSOGNzcDlVVHFmSi9xY2JvalVLZUdjWlFpUnI4cHJoN3UzcDdvWnRVREUKclV3SWpkd0ZJY1JtZC9QblpwOVFxK3hnSUNHQkc2VWNhQ3ZqZXRaQjFMYUNvMEl3UURBT0JnTlZIUThCQWY4RQpCQU1DQXFRd0R3WURWUjBUQVFIL0JBVXdBd0VCL3pBZEJnTlZIUTRFRmdRVUZNWlloTnVoSEswTHUvMGFWcEowCmgvYUJqcWN3Q2dZSUtvWkl6ajBFQXdJRFNBQXdSUUloQU15VWR1V2JCRkFrZ1g2QWoxcVd1Y1NObXYrQ3NpWWkKY0RWRHFqc0dWUnpOQWlCZnpvSG1VK2s3aS9sTjNkd1hyR1J6RzlBTmFFbE9wVmJaUnBTNWIveHhJQT09Ci0tLS0tRU5EIENFUlRJRklDQVRFLS0tLS0K\n    server: https://34.85.144.225:6443\n  name: default\ncontexts:\n- context:\n    cluster: default\n    user: default\n  name: default\ncurrent-context: default\nkind: Config\npreferences: {}\nusers:\n- name: default\n  user:\n    client-certificate-data: LS0tLS1CRUdJTiBDRVJUSUZJQ0FURS0tLS0tCk1JSUJrRENDQVRlZ0F3SUJBZ0lJSHR4ZjVkN2duN3N3Q2dZSUtvWkl6ajBFQXdJd0l6RWhNQjhHQTFVRUF3d1kKYXpOekxXTnNhV1Z1ZEMxallVQXhOalUxTXpBME5EazBNQjRYRFRJeU1EWXhOVEUwTkRneE5Gb1hEVEl6TURZeApOVEUwTkRneE5Gb3dNREVYTUJVR0ExVUVDaE1PYzNsemRHVnRPbTFoYzNSbGNuTXhGVEFUQmdOVkJBTVRESE41CmMzUmxiVHBoWkcxcGJqQlpNQk1HQnlxR1NNNDlBZ0VHQ0NxR1NNNDlBd0VIQTBJQUJCRWdJUWxvaW45T1d6b2wKUVk2eUJaVW5DeHMzL1paLzdSbGpXSzBhc3Zpamx0SVV2NVlGOVVWUUlRQXZmLzBiNVJXeDQ0T3JyZ3Q0MGdIMAoxRjBTbXlxalNEQkdNQTRHQTFVZER3RUIvd1FFQXdJRm9EQVRCZ05WSFNVRUREQUtCZ2dyQmdFRkJRY0RBakFmCkJnTlZIU01FR0RBV2dCUXd2NjNVS0pqN0Z0a3JYTGtmcENUeDV0WXZXekFLQmdncWhrak9QUVFEQWdOSEFEQkUKQWlCWG81bHFuWm1SZm5mcHBxV3l5cTFxWUZWNitDNGZFV3E5MG5DT0lIbU1jZ0lnQ3hVd1JrQU51eDd0UFVqYwp3c2tpUnkwNkl1STV4b1prbW5ETnBnOXlWd009Ci0tLS0tRU5EIENFUlRJRklDQVRFLS0tLS0KLS0tLS1CRUdJTiBDRVJUSUZJQ0FURS0tLS0tCk1JSUJkekNDQVIyZ0F3SUJBZ0lCQURBS0JnZ3Foa2pPUFFRREFqQWpNU0V3SHdZRFZRUUREQmhyTTNNdFkyeHAKWlc1MExXTmhRREUyTlRVek1EUTBPVFF3SGhjTk1qSXdOakUxTVRRME9ERTBXaGNOTXpJd05qRXlNVFEwT0RFMApXakFqTVNFd0h3WURWUVFEREJock0zTXRZMnhwWlc1MExXTmhRREUyTlRVek1EUTBPVFF3V1RBVEJnY3Foa2pPClBRSUJCZ2dxaGtqT1BRTUJCd05DQUFUWm43NkRXdmx4OGl2RjRWMVVLSXc5U0N4UmR3SzVZMzR6K1FSaVU2YnAKZ3hJanI2bjI1Tml4RzdVMTU4Y2h2US9BRHVncSthVFN3RFRxNmRZVFNOSWJvMEl3UURBT0JnTlZIUThCQWY4RQpCQU1DQXFRd0R3WURWUjBUQVFIL0JBVXdBd0VCL3pBZEJnTlZIUTRFRmdRVU1MK3QxQ2lZK3hiWksxeTVINlFrCjhlYldMMXN3Q2dZSUtvWkl6ajBFQXdJRFNBQXdSUUlnZnpyMVpCd3o1NnN6VC8zNTlNdnIvb0plUjVrendWM2cKU0tXNVV2V3RrNEFDSVFENVgvRkY5ZWNqV3VNcEM1Y1pPYktvb214Y0lqYWk0OHJnMVova24vRGdlQT09Ci0tLS0tRU5EIENFUlRJRklDQVRFLS0tLS0K\n    client-key-data: LS0tLS1CRUdJTiBFQyBQUklWQVRFIEtFWS0tLS0tCk1IY0NBUUVFSUNOMWxJQXBWaURwYy9FdmpudHU4eFdWYlZiV2k3MjBZOFJTaDhyVzlKUkdvQW9HQ0NxR1NNNDkKQXdFSG9VUURRZ0FFRVNBaENXaUtmMDViT2lWQmpySUZsU2NMR3pmOWxuL3RHV05ZclJxeStLT1cwaFMvbGdYMQpSVkFoQUM5Ly9SdmxGYkhqZzZ1dUMzalNBZlRVWFJLYktnPT0KLS0tLS1FTkQgRUMgUFJJVkFURSBLRVktLS0tLQo=\n",
            "timeout": "5m",
            "triggers": null,
            "user": "gcpuser"
          },
          "sensitive_attributes": [
            [
              {
                "type": "get_attr",
                "value": "private_key"
              }
            ]
          ],
          "private": "bnVsbA==",
          "dependencies": [
            "data.google_compute_image.sles",
            "google_compute_address.rancher_server_address",
            "google_compute_firewall.rancher_fw_allowall",
            "google_compute_instance.rancher_server",
            "module.rancher_common.ssh_resource.install_k3s",
            "tls_private_key.global_key"
          ]
        }
      ]
    }
  ]
}
